// !$*UTF8*$!
{
	archiveVersion = 1;
	classes = {
	};
	objectVersion = 51;
	objects = {

/* Begin PBXBuildFile section */
		0D41968D23B639BF00F5079F /* BTAlertView.m in Sources */ = {isa = PBXBuildFile; fileRef = 0D41968B23B639BF00F5079F /* BTAlertView.m */; };
		0D41969223B63CBD00F5079F /* DialogTestViewController.m in Sources */ = {isa = PBXBuildFile; fileRef = 0D41969023B63CBD00F5079F /* DialogTestViewController.m */; };
		0D41969323B63CBD00F5079F /* DialogTestViewController.xib in Resources */ = {isa = PBXBuildFile; fileRef = 0D41969123B63CBD00F5079F /* DialogTestViewController.xib */; };
		0D41969623B6413100F5079F /* BTAlertLabelView.m in Sources */ = {isa = PBXBuildFile; fileRef = 0D41969523B6413100F5079F /* BTAlertLabelView.m */; };
		0D41969D23B6483800F5079F /* BTAlertTextFieldView.m in Sources */ = {isa = PBXBuildFile; fileRef = 0D41969C23B6483800F5079F /* BTAlertTextFieldView.m */; };
		0DCC398A23B7142E00197B15 /* BTDialogBundle.bundle in Resources */ = {isa = PBXBuildFile; fileRef = 0DCC398923B7142D00197B15 /* BTDialogBundle.bundle */; };
		0DCC398D23B71A6C00197B15 /* BTAlertTextView.m in Sources */ = {isa = PBXBuildFile; fileRef = 0DCC398C23B71A6C00197B15 /* BTAlertTextView.m */; };
		0DD56D082445F65C00708775 /* SearchTestViewController.m in Sources */ = {isa = PBXBuildFile; fileRef = 0DD56D062445F65C00708775 /* SearchTestViewController.m */; };
		0DE9CFD823C1F658004607AD /* DataModel.m in Sources */ = {isa = PBXBuildFile; fileRef = 0DE9CFD723C1F658004607AD /* DataModel.m */; };
		185CF1E52446F0AC00866B1A /* BTVerticalAnimView.m in Sources */ = {isa = PBXBuildFile; fileRef = 185CF1E42446F0AC00866B1A /* BTVerticalAnimView.m */; };
		185CF1EB2446F1EE00866B1A /* BTScrollLabelView.m in Sources */ = {isa = PBXBuildFile; fileRef = 185CF1EA2446F1EE00866B1A /* BTScrollLabelView.m */; };
		1860860823D160F100E2749E /* BTStarView.m in Sources */ = {isa = PBXBuildFile; fileRef = 1860860723D160F100E2749E /* BTStarView.m */; };
		18629BAA23BA054300CE552C /* WKWebView+FullImg.m in Sources */ = {isa = PBXBuildFile; fileRef = 18629BA923BA054300CE552C /* WKWebView+FullImg.m */; };
		18629BAD23BA05AF00CE552C /* BTContentAutoView.m in Sources */ = {isa = PBXBuildFile; fileRef = 18629BAC23BA05AF00CE552C /* BTContentAutoView.m */; };
		1867739623C6FAE40068E3DC /* BTGridImgView.m in Sources */ = {isa = PBXBuildFile; fileRef = 1867739523C6FAE40068E3DC /* BTGridImgView.m */; };
		1867A8F62445C06D00DC819F /* BTSearchView.m in Sources */ = {isa = PBXBuildFile; fileRef = 1867A8F52445C06D00DC819F /* BTSearchView.m */; };
		1867A8F92445C0CE00DC819F /* BTSearchHeadView.m in Sources */ = {isa = PBXBuildFile; fileRef = 1867A8F82445C0CD00DC819F /* BTSearchHeadView.m */; };
		1883F742245804F6004D1F8E /* BTProgressView.m in Sources */ = {isa = PBXBuildFile; fileRef = 1883F741245804F6004D1F8E /* BTProgressView.m */; };
		18859B1B2446A10A00B8B1D9 /* Pods_BTWidgetViewExample.framework in Frameworks */ = {isa = PBXBuildFile; fileRef = 7C15052C4A266285DD500636 /* Pods_BTWidgetViewExample.framework */; };
		18859B1C2446A10A00B8B1D9 /* Pods_BTWidgetViewExample.framework in Embed Frameworks */ = {isa = PBXBuildFile; fileRef = 7C15052C4A266285DD500636 /* Pods_BTWidgetViewExample.framework */; settings = {ATTRIBUTES = (CodeSignOnCopy, RemoveHeadersOnCopy, ); }; };
		18859B202446B1F600B8B1D9 /* BTWidgetView.m in Sources */ = {isa = PBXBuildFile; fileRef = 18859B1F2446B1F600B8B1D9 /* BTWidgetView.m */; };
		1898CCD524656EB800F50264 /* BTSlideView.m in Sources */ = {isa = PBXBuildFile; fileRef = 1898CCD424656EB800F50264 /* BTSlideView.m */; };
		1898CCD9246572C400F50264 /* SlideTestViewController.m in Sources */ = {isa = PBXBuildFile; fileRef = 1898CCD8246572C400F50264 /* SlideTestViewController.m */; };
		18A1EA07248E46800067D00C /* BTRecordVoiceView.xib in Resources */ = {isa = PBXBuildFile; fileRef = 18A1EA04248E46800067D00C /* BTRecordVoiceView.xib */; };
		18A1EA08248E46800067D00C /* BTRecordVoiceView.m in Sources */ = {isa = PBXBuildFile; fileRef = 18A1EA05248E46800067D00C /* BTRecordVoiceView.m */; };
		18A1EA09248E46800067D00C /* record_voice.png in Resources */ = {isa = PBXBuildFile; fileRef = 18A1EA06248E46800067D00C /* record_voice.png */; };
		18A1EA0C248E46B00067D00C /* libmp3lame.a in Frameworks */ = {isa = PBXBuildFile; fileRef = 18A1EA0A248E46AF0067D00C /* libmp3lame.a */; };
		18E5647D249762430050C13E /* InputTestViewController.m in Sources */ = {isa = PBXBuildFile; fileRef = 18E5647B249762430050C13E /* InputTestViewController.m */; };
		18E5647E249762430050C13E /* InputTestViewController.xib in Resources */ = {isa = PBXBuildFile; fileRef = 18E5647C249762430050C13E /* InputTestViewController.xib */; };
		18E77F6724985E7C00BF9F5A /* UILabel+BTLabel.m in Sources */ = {isa = PBXBuildFile; fileRef = 18E77F6624985E7C00BF9F5A /* UILabel+BTLabel.m */; };
		18E77F6B2498633000BF9F5A /* LabelTestViewController.m in Sources */ = {isa = PBXBuildFile; fileRef = 18E77F6A2498633000BF9F5A /* LabelTestViewController.m */; };
		6034D17D2313E811009DBBDF /* BTPageHeadLabelView.m in Sources */ = {isa = PBXBuildFile; fileRef = 6034D1772313E811009DBBDF /* BTPageHeadLabelView.m */; };
		6034D17E2313E811009DBBDF /* BTPageHeadView.m in Sources */ = {isa = PBXBuildFile; fileRef = 6034D17B2313E811009DBBDF /* BTPageHeadView.m */; };
		6034D17F2313E811009DBBDF /* BTPageView.m in Sources */ = {isa = PBXBuildFile; fileRef = 6034D17C2313E811009DBBDF /* BTPageView.m */; };
		6034D1842313E96F009DBBDF /* BTPageViewController.m in Sources */ = {isa = PBXBuildFile; fileRef = 6034D1832313E96F009DBBDF /* BTPageViewController.m */; };
		6037C16D23168C880017D898 /* PageViewTestViewController.m in Sources */ = {isa = PBXBuildFile; fileRef = 6037C16C23168C880017D898 /* PageViewTestViewController.m */; };
		6037C17023168CAE0017D898 /* PageVcTestViewController.m in Sources */ = {isa = PBXBuildFile; fileRef = 6037C16F23168CAE0017D898 /* PageVcTestViewController.m */; };
		6037C17423168E430017D898 /* HomeTableViewCell.m in Sources */ = {isa = PBXBuildFile; fileRef = 6037C17223168E430017D898 /* HomeTableViewCell.m */; };
		6037C17523168E430017D898 /* HomeTableViewCell.xib in Resources */ = {isa = PBXBuildFile; fileRef = 6037C17323168E430017D898 /* HomeTableViewCell.xib */; };
		60643D722318F5B5007C1E01 /* PageChildVcViewController.m in Sources */ = {isa = PBXBuildFile; fileRef = 60643D712318F5B5007C1E01 /* PageChildVcViewController.m */; };
		60D28A69230692260043442B /* AppDelegate.m in Sources */ = {isa = PBXBuildFile; fileRef = 60D28A68230692260043442B /* AppDelegate.m */; };
		60D28A6C230692260043442B /* ViewController.m in Sources */ = {isa = PBXBuildFile; fileRef = 60D28A6B230692260043442B /* ViewController.m */; };
		60D28A6F230692260043442B /* Main.storyboard in Resources */ = {isa = PBXBuildFile; fileRef = 60D28A6D230692260043442B /* Main.storyboard */; };
		60D28A71230692270043442B /* Assets.xcassets in Resources */ = {isa = PBXBuildFile; fileRef = 60D28A70230692270043442B /* Assets.xcassets */; };
		60D28A74230692270043442B /* LaunchScreen.storyboard in Resources */ = {isa = PBXBuildFile; fileRef = 60D28A72230692270043442B /* LaunchScreen.storyboard */; };
		60D28A77230692270043442B /* main.m in Sources */ = {isa = PBXBuildFile; fileRef = 60D28A76230692270043442B /* main.m */; };
		60D28A962306923A0043442B /* BTTextView.m in Sources */ = {isa = PBXBuildFile; fileRef = 60D28A7E2306923A0043442B /* BTTextView.m */; };
		60D28A982306923A0043442B /* BTLineView.m in Sources */ = {isa = PBXBuildFile; fileRef = 60D28A822306923A0043442B /* BTLineView.m */; };
		60D28A992306923A0043442B /* UIView+BTViewTool.m in Sources */ = {isa = PBXBuildFile; fileRef = 60D28A852306923A0043442B /* UIView+BTViewTool.m */; };
		60D28A9A2306923A0043442B /* BTDialogView.m in Sources */ = {isa = PBXBuildFile; fileRef = 60D28A882306923A0043442B /* BTDialogView.m */; };
		60D28A9B2306923A0043442B /* UIView+BTConstraint.m in Sources */ = {isa = PBXBuildFile; fileRef = 60D28A8C2306923A0043442B /* UIView+BTConstraint.m */; };
		60D28A9C2306923A0043442B /* BTTextField.m in Sources */ = {isa = PBXBuildFile; fileRef = 60D28A8D2306923A0043442B /* BTTextField.m */; };
		60D28A9D2306923A0043442B /* UIImage+BTImage.m in Sources */ = {isa = PBXBuildFile; fileRef = 60D28A8F2306923A0043442B /* UIImage+BTImage.m */; };
		60D28A9E2306923A0043442B /* BTButton.m in Sources */ = {isa = PBXBuildFile; fileRef = 60D28A912306923A0043442B /* BTButton.m */; };
		60D28A9F2306923A0043442B /* UIView+BTEasyDialog.m in Sources */ = {isa = PBXBuildFile; fileRef = 60D28A922306923A0043442B /* UIView+BTEasyDialog.m */; };
		60D28AA02306923A0043442B /* BTTextInputView.m in Sources */ = {isa = PBXBuildFile; fileRef = 60D28A932306923A0043442B /* BTTextInputView.m */; };
		60D28AA12306923A0043442B /* BTDialogTableView.m in Sources */ = {isa = PBXBuildFile; fileRef = 60D28A952306923A0043442B /* BTDialogTableView.m */; };
/* End PBXBuildFile section */

/* Begin PBXCopyFilesBuildPhase section */
		18859B1D2446A10A00B8B1D9 /* Embed Frameworks */ = {
			isa = PBXCopyFilesBuildPhase;
			buildActionMask = 2147483647;
			dstPath = "";
			dstSubfolderSpec = 10;
			files = (
				18859B1C2446A10A00B8B1D9 /* Pods_BTWidgetViewExample.framework in Embed Frameworks */,
			);
			name = "Embed Frameworks";
			runOnlyForDeploymentPostprocessing = 0;
		};
/* End PBXCopyFilesBuildPhase section */

/* Begin PBXFileReference section */
		0D41968B23B639BF00F5079F /* BTAlertView.m */ = {isa = PBXFileReference; fileEncoding = 4; lastKnownFileType = sourcecode.c.objc; path = BTAlertView.m; sourceTree = "<group>"; };
		0D41968C23B639BF00F5079F /* BTAlertView.h */ = {isa = PBXFileReference; fileEncoding = 4; lastKnownFileType = sourcecode.c.h; path = BTAlertView.h; sourceTree = "<group>"; };
		0D41968F23B63CBD00F5079F /* DialogTestViewController.h */ = {isa = PBXFileReference; lastKnownFileType = sourcecode.c.h; path = DialogTestViewController.h; sourceTree = "<group>"; };
		0D41969023B63CBD00F5079F /* DialogTestViewController.m */ = {isa = PBXFileReference; lastKnownFileType = sourcecode.c.objc; path = DialogTestViewController.m; sourceTree = "<group>"; };
		0D41969123B63CBD00F5079F /* DialogTestViewController.xib */ = {isa = PBXFileReference; lastKnownFileType = file.xib; path = DialogTestViewController.xib; sourceTree = "<group>"; };
		0D41969423B6413100F5079F /* BTAlertLabelView.h */ = {isa = PBXFileReference; lastKnownFileType = sourcecode.c.h; path = BTAlertLabelView.h; sourceTree = "<group>"; };
		0D41969523B6413100F5079F /* BTAlertLabelView.m */ = {isa = PBXFileReference; lastKnownFileType = sourcecode.c.objc; path = BTAlertLabelView.m; sourceTree = "<group>"; };
		0D41969B23B6483800F5079F /* BTAlertTextFieldView.h */ = {isa = PBXFileReference; lastKnownFileType = sourcecode.c.h; path = BTAlertTextFieldView.h; sourceTree = "<group>"; };
		0D41969C23B6483800F5079F /* BTAlertTextFieldView.m */ = {isa = PBXFileReference; lastKnownFileType = sourcecode.c.objc; path = BTAlertTextFieldView.m; sourceTree = "<group>"; };
		0DCC398923B7142D00197B15 /* BTDialogBundle.bundle */ = {isa = PBXFileReference; lastKnownFileType = "wrapper.plug-in"; name = BTDialogBundle.bundle; path = ../../Assets/BTDialogBundle.bundle; sourceTree = "<group>"; };
		0DCC398B23B71A6C00197B15 /* BTAlertTextView.h */ = {isa = PBXFileReference; lastKnownFileType = sourcecode.c.h; path = BTAlertTextView.h; sourceTree = "<group>"; };
		0DCC398C23B71A6C00197B15 /* BTAlertTextView.m */ = {isa = PBXFileReference; lastKnownFileType = sourcecode.c.objc; path = BTAlertTextView.m; sourceTree = "<group>"; };
		0DD56D052445F65C00708775 /* SearchTestViewController.h */ = {isa = PBXFileReference; lastKnownFileType = sourcecode.c.h; path = SearchTestViewController.h; sourceTree = "<group>"; };
		0DD56D062445F65C00708775 /* SearchTestViewController.m */ = {isa = PBXFileReference; lastKnownFileType = sourcecode.c.objc; path = SearchTestViewController.m; sourceTree = "<group>"; };
		0DE9CFD623C1F658004607AD /* DataModel.h */ = {isa = PBXFileReference; lastKnownFileType = sourcecode.c.h; path = DataModel.h; sourceTree = "<group>"; };
		0DE9CFD723C1F658004607AD /* DataModel.m */ = {isa = PBXFileReference; lastKnownFileType = sourcecode.c.objc; path = DataModel.m; sourceTree = "<group>"; };
		185CF1E32446F0AC00866B1A /* BTVerticalAnimView.h */ = {isa = PBXFileReference; fileEncoding = 4; lastKnownFileType = sourcecode.c.h; path = BTVerticalAnimView.h; sourceTree = "<group>"; };
		185CF1E42446F0AC00866B1A /* BTVerticalAnimView.m */ = {isa = PBXFileReference; fileEncoding = 4; lastKnownFileType = sourcecode.c.objc; path = BTVerticalAnimView.m; sourceTree = "<group>"; };
		185CF1E92446F1EE00866B1A /* BTScrollLabelView.h */ = {isa = PBXFileReference; fileEncoding = 4; lastKnownFileType = sourcecode.c.h; path = BTScrollLabelView.h; sourceTree = "<group>"; };
		185CF1EA2446F1EE00866B1A /* BTScrollLabelView.m */ = {isa = PBXFileReference; fileEncoding = 4; lastKnownFileType = sourcecode.c.objc; path = BTScrollLabelView.m; sourceTree = "<group>"; };
		1860860623D160F100E2749E /* BTStarView.h */ = {isa = PBXFileReference; fileEncoding = 4; lastKnownFileType = sourcecode.c.h; path = BTStarView.h; sourceTree = "<group>"; };
		1860860723D160F100E2749E /* BTStarView.m */ = {isa = PBXFileReference; fileEncoding = 4; lastKnownFileType = sourcecode.c.objc; path = BTStarView.m; sourceTree = "<group>"; };
		18629BA823BA054300CE552C /* WKWebView+FullImg.h */ = {isa = PBXFileReference; fileEncoding = 4; lastKnownFileType = sourcecode.c.h; path = "WKWebView+FullImg.h"; sourceTree = "<group>"; };
		18629BA923BA054300CE552C /* WKWebView+FullImg.m */ = {isa = PBXFileReference; fileEncoding = 4; lastKnownFileType = sourcecode.c.objc; path = "WKWebView+FullImg.m"; sourceTree = "<group>"; };
		18629BAB23BA05AF00CE552C /* BTContentAutoView.h */ = {isa = PBXFileReference; fileEncoding = 4; lastKnownFileType = sourcecode.c.h; path = BTContentAutoView.h; sourceTree = "<group>"; };
		18629BAC23BA05AF00CE552C /* BTContentAutoView.m */ = {isa = PBXFileReference; fileEncoding = 4; lastKnownFileType = sourcecode.c.objc; path = BTContentAutoView.m; sourceTree = "<group>"; };
		1867739423C6FAE40068E3DC /* BTGridImgView.h */ = {isa = PBXFileReference; fileEncoding = 4; lastKnownFileType = sourcecode.c.h; path = BTGridImgView.h; sourceTree = "<group>"; };
		1867739523C6FAE40068E3DC /* BTGridImgView.m */ = {isa = PBXFileReference; fileEncoding = 4; lastKnownFileType = sourcecode.c.objc; path = BTGridImgView.m; sourceTree = "<group>"; };
		1867A8F42445C06D00DC819F /* BTSearchView.h */ = {isa = PBXFileReference; lastKnownFileType = sourcecode.c.h; path = BTSearchView.h; sourceTree = "<group>"; };
		1867A8F52445C06D00DC819F /* BTSearchView.m */ = {isa = PBXFileReference; lastKnownFileType = sourcecode.c.objc; path = BTSearchView.m; sourceTree = "<group>"; };
		1867A8F72445C0CD00DC819F /* BTSearchHeadView.h */ = {isa = PBXFileReference; lastKnownFileType = sourcecode.c.h; path = BTSearchHeadView.h; sourceTree = "<group>"; };
		1867A8F82445C0CD00DC819F /* BTSearchHeadView.m */ = {isa = PBXFileReference; lastKnownFileType = sourcecode.c.objc; path = BTSearchHeadView.m; sourceTree = "<group>"; };
		1883F740245804F6004D1F8E /* BTProgressView.h */ = {isa = PBXFileReference; lastKnownFileType = sourcecode.c.h; path = BTProgressView.h; sourceTree = "<group>"; };
		1883F741245804F6004D1F8E /* BTProgressView.m */ = {isa = PBXFileReference; lastKnownFileType = sourcecode.c.objc; path = BTProgressView.m; sourceTree = "<group>"; };
		18859B172446A0FE00B8B1D9 /* BTHelp.framework */ = {isa = PBXFileReference; explicitFileType = wrapper.framework; path = BTHelp.framework; sourceTree = BUILT_PRODUCTS_DIR; };
		18859B1E2446B1F600B8B1D9 /* BTWidgetView.h */ = {isa = PBXFileReference; lastKnownFileType = sourcecode.c.h; path = BTWidgetView.h; sourceTree = "<group>"; };
		18859B1F2446B1F600B8B1D9 /* BTWidgetView.m */ = {isa = PBXFileReference; lastKnownFileType = sourcecode.c.objc; path = BTWidgetView.m; sourceTree = "<group>"; };
		1898CCD324656EB800F50264 /* BTSlideView.h */ = {isa = PBXFileReference; lastKnownFileType = sourcecode.c.h; path = BTSlideView.h; sourceTree = "<group>"; };
		1898CCD424656EB800F50264 /* BTSlideView.m */ = {isa = PBXFileReference; lastKnownFileType = sourcecode.c.objc; path = BTSlideView.m; sourceTree = "<group>"; };
		1898CCD7246572C400F50264 /* SlideTestViewController.h */ = {isa = PBXFileReference; lastKnownFileType = sourcecode.c.h; path = SlideTestViewController.h; sourceTree = "<group>"; };
		1898CCD8246572C400F50264 /* SlideTestViewController.m */ = {isa = PBXFileReference; lastKnownFileType = sourcecode.c.objc; path = SlideTestViewController.m; sourceTree = "<group>"; };
		18A1EA03248E46800067D00C /* BTRecordVoiceView.h */ = {isa = PBXFileReference; fileEncoding = 4; lastKnownFileType = sourcecode.c.h; path = BTRecordVoiceView.h; sourceTree = "<group>"; };
		18A1EA04248E46800067D00C /* BTRecordVoiceView.xib */ = {isa = PBXFileReference; fileEncoding = 4; lastKnownFileType = file.xib; path = BTRecordVoiceView.xib; sourceTree = "<group>"; };
		18A1EA05248E46800067D00C /* BTRecordVoiceView.m */ = {isa = PBXFileReference; fileEncoding = 4; lastKnownFileType = sourcecode.c.objc; path = BTRecordVoiceView.m; sourceTree = "<group>"; };
		18A1EA06248E46800067D00C /* record_voice.png */ = {isa = PBXFileReference; lastKnownFileType = image.png; path = record_voice.png; sourceTree = "<group>"; };
		18A1EA0A248E46AF0067D00C /* libmp3lame.a */ = {isa = PBXFileReference; lastKnownFileType = archive.ar; path = libmp3lame.a; sourceTree = "<group>"; };
		18A1EA0B248E46AF0067D00C /* lame.h */ = {isa = PBXFileReference; fileEncoding = 4; lastKnownFileType = sourcecode.c.h; path = lame.h; sourceTree = "<group>"; };
		18E5647A249762430050C13E /* InputTestViewController.h */ = {isa = PBXFileReference; lastKnownFileType = sourcecode.c.h; path = InputTestViewController.h; sourceTree = "<group>"; };
		18E5647B249762430050C13E /* InputTestViewController.m */ = {isa = PBXFileReference; lastKnownFileType = sourcecode.c.objc; path = InputTestViewController.m; sourceTree = "<group>"; };
		18E5647C249762430050C13E /* InputTestViewController.xib */ = {isa = PBXFileReference; lastKnownFileType = file.xib; path = InputTestViewController.xib; sourceTree = "<group>"; };
		18E77F6524985E7C00BF9F5A /* UILabel+BTLabel.h */ = {isa = PBXFileReference; lastKnownFileType = sourcecode.c.h; path = "UILabel+BTLabel.h"; sourceTree = "<group>"; };
		18E77F6624985E7C00BF9F5A /* UILabel+BTLabel.m */ = {isa = PBXFileReference; lastKnownFileType = sourcecode.c.objc; path = "UILabel+BTLabel.m"; sourceTree = "<group>"; };
		18E77F692498633000BF9F5A /* LabelTestViewController.h */ = {isa = PBXFileReference; lastKnownFileType = sourcecode.c.h; path = LabelTestViewController.h; sourceTree = "<group>"; };
		18E77F6A2498633000BF9F5A /* LabelTestViewController.m */ = {isa = PBXFileReference; lastKnownFileType = sourcecode.c.objc; path = LabelTestViewController.m; sourceTree = "<group>"; };
		30FB91F8B97D3E03F3F43591 /* Pods-BTWidgetViewExample.release.xcconfig */ = {isa = PBXFileReference; includeInIndex = 1; lastKnownFileType = text.xcconfig; name = "Pods-BTWidgetViewExample.release.xcconfig"; path = "Target Support Files/Pods-BTWidgetViewExample/Pods-BTWidgetViewExample.release.xcconfig"; sourceTree = "<group>"; };
		5E98408A0C95CC96F9CDA16D /* Pods-BTWidgetViewExample.debug.xcconfig */ = {isa = PBXFileReference; includeInIndex = 1; lastKnownFileType = text.xcconfig; name = "Pods-BTWidgetViewExample.debug.xcconfig"; path = "Target Support Files/Pods-BTWidgetViewExample/Pods-BTWidgetViewExample.debug.xcconfig"; sourceTree = "<group>"; };
		6034D1772313E811009DBBDF /* BTPageHeadLabelView.m */ = {isa = PBXFileReference; fileEncoding = 4; lastKnownFileType = sourcecode.c.objc; path = BTPageHeadLabelView.m; sourceTree = "<group>"; };
		6034D1782313E811009DBBDF /* BTPageView.h */ = {isa = PBXFileReference; fileEncoding = 4; lastKnownFileType = sourcecode.c.h; path = BTPageView.h; sourceTree = "<group>"; };
		6034D1792313E811009DBBDF /* BTPageHeadView.h */ = {isa = PBXFileReference; fileEncoding = 4; lastKnownFileType = sourcecode.c.h; path = BTPageHeadView.h; sourceTree = "<group>"; };
		6034D17A2313E811009DBBDF /* BTPageHeadLabelView.h */ = {isa = PBXFileReference; fileEncoding = 4; lastKnownFileType = sourcecode.c.h; path = BTPageHeadLabelView.h; sourceTree = "<group>"; };
		6034D17B2313E811009DBBDF /* BTPageHeadView.m */ = {isa = PBXFileReference; fileEncoding = 4; lastKnownFileType = sourcecode.c.objc; path = BTPageHeadView.m; sourceTree = "<group>"; };
		6034D17C2313E811009DBBDF /* BTPageView.m */ = {isa = PBXFileReference; fileEncoding = 4; lastKnownFileType = sourcecode.c.objc; path = BTPageView.m; sourceTree = "<group>"; };
		6034D1822313E96F009DBBDF /* BTPageViewController.h */ = {isa = PBXFileReference; lastKnownFileType = sourcecode.c.h; path = BTPageViewController.h; sourceTree = "<group>"; };
		6034D1832313E96F009DBBDF /* BTPageViewController.m */ = {isa = PBXFileReference; lastKnownFileType = sourcecode.c.objc; path = BTPageViewController.m; sourceTree = "<group>"; };
		6037C16B23168C880017D898 /* PageViewTestViewController.h */ = {isa = PBXFileReference; lastKnownFileType = sourcecode.c.h; path = PageViewTestViewController.h; sourceTree = "<group>"; };
		6037C16C23168C880017D898 /* PageViewTestViewController.m */ = {isa = PBXFileReference; lastKnownFileType = sourcecode.c.objc; path = PageViewTestViewController.m; sourceTree = "<group>"; };
		6037C16E23168CAE0017D898 /* PageVcTestViewController.h */ = {isa = PBXFileReference; lastKnownFileType = sourcecode.c.h; path = PageVcTestViewController.h; sourceTree = "<group>"; };
		6037C16F23168CAE0017D898 /* PageVcTestViewController.m */ = {isa = PBXFileReference; lastKnownFileType = sourcecode.c.objc; path = PageVcTestViewController.m; sourceTree = "<group>"; };
		6037C17123168E430017D898 /* HomeTableViewCell.h */ = {isa = PBXFileReference; lastKnownFileType = sourcecode.c.h; path = HomeTableViewCell.h; sourceTree = "<group>"; };
		6037C17223168E430017D898 /* HomeTableViewCell.m */ = {isa = PBXFileReference; lastKnownFileType = sourcecode.c.objc; path = HomeTableViewCell.m; sourceTree = "<group>"; };
		6037C17323168E430017D898 /* HomeTableViewCell.xib */ = {isa = PBXFileReference; lastKnownFileType = file.xib; path = HomeTableViewCell.xib; sourceTree = "<group>"; };
		60643D702318F5B5007C1E01 /* PageChildVcViewController.h */ = {isa = PBXFileReference; lastKnownFileType = sourcecode.c.h; path = PageChildVcViewController.h; sourceTree = "<group>"; };
		60643D712318F5B5007C1E01 /* PageChildVcViewController.m */ = {isa = PBXFileReference; lastKnownFileType = sourcecode.c.objc; path = PageChildVcViewController.m; sourceTree = "<group>"; };
		60D28A64230692260043442B /* BTWidgetViewExample.app */ = {isa = PBXFileReference; explicitFileType = wrapper.application; includeInIndex = 0; path = BTWidgetViewExample.app; sourceTree = BUILT_PRODUCTS_DIR; };
		60D28A67230692260043442B /* AppDelegate.h */ = {isa = PBXFileReference; lastKnownFileType = sourcecode.c.h; path = AppDelegate.h; sourceTree = "<group>"; };
		60D28A68230692260043442B /* AppDelegate.m */ = {isa = PBXFileReference; lastKnownFileType = sourcecode.c.objc; path = AppDelegate.m; sourceTree = "<group>"; };
		60D28A6A230692260043442B /* ViewController.h */ = {isa = PBXFileReference; lastKnownFileType = sourcecode.c.h; path = ViewController.h; sourceTree = "<group>"; };
		60D28A6B230692260043442B /* ViewController.m */ = {isa = PBXFileReference; lastKnownFileType = sourcecode.c.objc; path = ViewController.m; sourceTree = "<group>"; };
		60D28A6E230692260043442B /* Base */ = {isa = PBXFileReference; lastKnownFileType = file.storyboard; name = Base; path = Base.lproj/Main.storyboard; sourceTree = "<group>"; };
		60D28A70230692270043442B /* Assets.xcassets */ = {isa = PBXFileReference; lastKnownFileType = folder.assetcatalog; path = Assets.xcassets; sourceTree = "<group>"; };
		60D28A73230692270043442B /* Base */ = {isa = PBXFileReference; lastKnownFileType = file.storyboard; name = Base; path = Base.lproj/LaunchScreen.storyboard; sourceTree = "<group>"; };
		60D28A75230692270043442B /* Info.plist */ = {isa = PBXFileReference; lastKnownFileType = text.plist.xml; path = Info.plist; sourceTree = "<group>"; };
		60D28A76230692270043442B /* main.m */ = {isa = PBXFileReference; lastKnownFileType = sourcecode.c.objc; path = main.m; sourceTree = "<group>"; };
		60D28A7E2306923A0043442B /* BTTextView.m */ = {isa = PBXFileReference; fileEncoding = 4; lastKnownFileType = sourcecode.c.objc; path = BTTextView.m; sourceTree = "<group>"; };
		60D28A7F2306923A0043442B /* BTTextField.h */ = {isa = PBXFileReference; fileEncoding = 4; lastKnownFileType = sourcecode.c.h; path = BTTextField.h; sourceTree = "<group>"; };
		60D28A802306923A0043442B /* UIView+BTConstraint.h */ = {isa = PBXFileReference; fileEncoding = 4; lastKnownFileType = sourcecode.c.h; path = "UIView+BTConstraint.h"; sourceTree = "<group>"; };
		60D28A822306923A0043442B /* BTLineView.m */ = {isa = PBXFileReference; fileEncoding = 4; lastKnownFileType = sourcecode.c.objc; path = BTLineView.m; sourceTree = "<group>"; };
		60D28A832306923A0043442B /* BTDialogTableView.h */ = {isa = PBXFileReference; fileEncoding = 4; lastKnownFileType = sourcecode.c.h; path = BTDialogTableView.h; sourceTree = "<group>"; };
		60D28A842306923A0043442B /* BTTextInputView.h */ = {isa = PBXFileReference; fileEncoding = 4; lastKnownFileType = sourcecode.c.h; path = BTTextInputView.h; sourceTree = "<group>"; };
		60D28A852306923A0043442B /* UIView+BTViewTool.m */ = {isa = PBXFileReference; fileEncoding = 4; lastKnownFileType = sourcecode.c.objc; path = "UIView+BTViewTool.m"; sourceTree = "<group>"; };
		60D28A862306923A0043442B /* UIView+BTEasyDialog.h */ = {isa = PBXFileReference; fileEncoding = 4; lastKnownFileType = sourcecode.c.h; path = "UIView+BTEasyDialog.h"; sourceTree = "<group>"; };
		60D28A872306923A0043442B /* BTButton.h */ = {isa = PBXFileReference; fileEncoding = 4; lastKnownFileType = sourcecode.c.h; path = BTButton.h; sourceTree = "<group>"; };
		60D28A882306923A0043442B /* BTDialogView.m */ = {isa = PBXFileReference; fileEncoding = 4; lastKnownFileType = sourcecode.c.objc; path = BTDialogView.m; sourceTree = "<group>"; };
		60D28A892306923A0043442B /* UIImage+BTImage.h */ = {isa = PBXFileReference; fileEncoding = 4; lastKnownFileType = sourcecode.c.h; path = "UIImage+BTImage.h"; sourceTree = "<group>"; };
		60D28A8A2306923A0043442B /* BTTextView.h */ = {isa = PBXFileReference; fileEncoding = 4; lastKnownFileType = sourcecode.c.h; path = BTTextView.h; sourceTree = "<group>"; };
		60D28A8C2306923A0043442B /* UIView+BTConstraint.m */ = {isa = PBXFileReference; fileEncoding = 4; lastKnownFileType = sourcecode.c.objc; path = "UIView+BTConstraint.m"; sourceTree = "<group>"; };
		60D28A8D2306923A0043442B /* BTTextField.m */ = {isa = PBXFileReference; fileEncoding = 4; lastKnownFileType = sourcecode.c.objc; path = BTTextField.m; sourceTree = "<group>"; };
		60D28A8E2306923A0043442B /* BTLineView.h */ = {isa = PBXFileReference; fileEncoding = 4; lastKnownFileType = sourcecode.c.h; path = BTLineView.h; sourceTree = "<group>"; };
		60D28A8F2306923A0043442B /* UIImage+BTImage.m */ = {isa = PBXFileReference; fileEncoding = 4; lastKnownFileType = sourcecode.c.objc; path = "UIImage+BTImage.m"; sourceTree = "<group>"; };
		60D28A902306923A0043442B /* BTDialogView.h */ = {isa = PBXFileReference; fileEncoding = 4; lastKnownFileType = sourcecode.c.h; path = BTDialogView.h; sourceTree = "<group>"; };
		60D28A912306923A0043442B /* BTButton.m */ = {isa = PBXFileReference; fileEncoding = 4; lastKnownFileType = sourcecode.c.objc; path = BTButton.m; sourceTree = "<group>"; };
		60D28A922306923A0043442B /* UIView+BTEasyDialog.m */ = {isa = PBXFileReference; fileEncoding = 4; lastKnownFileType = sourcecode.c.objc; path = "UIView+BTEasyDialog.m"; sourceTree = "<group>"; };
		60D28A932306923A0043442B /* BTTextInputView.m */ = {isa = PBXFileReference; fileEncoding = 4; lastKnownFileType = sourcecode.c.objc; path = BTTextInputView.m; sourceTree = "<group>"; };
		60D28A942306923A0043442B /* UIView+BTViewTool.h */ = {isa = PBXFileReference; fileEncoding = 4; lastKnownFileType = sourcecode.c.h; path = "UIView+BTViewTool.h"; sourceTree = "<group>"; };
		60D28A952306923A0043442B /* BTDialogTableView.m */ = {isa = PBXFileReference; fileEncoding = 4; lastKnownFileType = sourcecode.c.objc; path = BTDialogTableView.m; sourceTree = "<group>"; };
		7C15052C4A266285DD500636 /* Pods_BTWidgetViewExample.framework */ = {isa = PBXFileReference; explicitFileType = wrapper.framework; includeInIndex = 0; path = Pods_BTWidgetViewExample.framework; sourceTree = BUILT_PRODUCTS_DIR; };
/* End PBXFileReference section */

/* Begin PBXFrameworksBuildPhase section */
		60D28A61230692260043442B /* Frameworks */ = {
			isa = PBXFrameworksBuildPhase;
			buildActionMask = 2147483647;
			files = (
				18859B1B2446A10A00B8B1D9 /* Pods_BTWidgetViewExample.framework in Frameworks */,
				18A1EA0C248E46B00067D00C /* libmp3lame.a in Frameworks */,
			);
			runOnlyForDeploymentPostprocessing = 0;
		};
/* End PBXFrameworksBuildPhase section */

/* Begin PBXGroup section */
		0D41968E23B63C6D00F5079F /* dialogTest */ = {
			isa = PBXGroup;
			children = (
				0D41968F23B63CBD00F5079F /* DialogTestViewController.h */,
				0D41969023B63CBD00F5079F /* DialogTestViewController.m */,
				0D41969123B63CBD00F5079F /* DialogTestViewController.xib */,
			);
			path = dialogTest;
			sourceTree = "<group>";
		};
		0D41969723B6413D00F5079F /* alert */ = {
			isa = PBXGroup;
			children = (
				0D41968C23B639BF00F5079F /* BTAlertView.h */,
				0D41968B23B639BF00F5079F /* BTAlertView.m */,
				0D41969423B6413100F5079F /* BTAlertLabelView.h */,
				0D41969523B6413100F5079F /* BTAlertLabelView.m */,
				0D41969B23B6483800F5079F /* BTAlertTextFieldView.h */,
				0D41969C23B6483800F5079F /* BTAlertTextFieldView.m */,
				0DCC398B23B71A6C00197B15 /* BTAlertTextView.h */,
				0DCC398C23B71A6C00197B15 /* BTAlertTextView.m */,
			);
			path = alert;
			sourceTree = "<group>";
		};
		0DD56D042445F62B00708775 /* searchTest */ = {
			isa = PBXGroup;
			children = (
				0DD56D052445F65C00708775 /* SearchTestViewController.h */,
				0DD56D062445F65C00708775 /* SearchTestViewController.m */,
			);
			path = searchTest;
			sourceTree = "<group>";
		};
		186F1D4124371934002BB121 /* search */ = {
			isa = PBXGroup;
			children = (
				1867A8F42445C06D00DC819F /* BTSearchView.h */,
				1867A8F52445C06D00DC819F /* BTSearchView.m */,
				1867A8F72445C0CD00DC819F /* BTSearchHeadView.h */,
				1867A8F82445C0CD00DC819F /* BTSearchHeadView.m */,
			);
			path = search;
			sourceTree = "<group>";
		};
		1898CCD6246572B800F50264 /* SlideTest */ = {
			isa = PBXGroup;
			children = (
				1898CCD7246572C400F50264 /* SlideTestViewController.h */,
				1898CCD8246572C400F50264 /* SlideTestViewController.m */,
			);
			path = SlideTest;
			sourceTree = "<group>";
		};
		18A1E9FC248E17B30067D00C /* inputeViewTest */ = {
			isa = PBXGroup;
			children = (
				18A1EA03248E46800067D00C /* BTRecordVoiceView.h */,
				18A1EA05248E46800067D00C /* BTRecordVoiceView.m */,
				18A1EA04248E46800067D00C /* BTRecordVoiceView.xib */,
				18E5647A249762430050C13E /* InputTestViewController.h */,
				18E5647B249762430050C13E /* InputTestViewController.m */,
				18E5647C249762430050C13E /* InputTestViewController.xib */,
				18A1EA06248E46800067D00C /* record_voice.png */,
				18A1EA0B248E46AF0067D00C /* lame.h */,
				18A1EA0A248E46AF0067D00C /* libmp3lame.a */,
			);
			path = inputeViewTest;
			sourceTree = "<group>";
		};
		18A1EA00248E2E160067D00C /* input */ = {
			isa = PBXGroup;
			children = (
				60D28A7F2306923A0043442B /* BTTextField.h */,
				60D28A8D2306923A0043442B /* BTTextField.m */,
				60D28A8A2306923A0043442B /* BTTextView.h */,
				60D28A7E2306923A0043442B /* BTTextView.m */,
				60D28A842306923A0043442B /* BTTextInputView.h */,
				60D28A932306923A0043442B /* BTTextInputView.m */,
			);
			path = input;
			sourceTree = "<group>";
		};
		18E77F682498631900BF9F5A /* labelTest */ = {
			isa = PBXGroup;
			children = (
				18E77F692498633000BF9F5A /* LabelTestViewController.h */,
				18E77F6A2498633000BF9F5A /* LabelTestViewController.m */,
			);
			path = labelTest;
			sourceTree = "<group>";
		};
		6034D1762313E800009DBBDF /* pageView */ = {
			isa = PBXGroup;
			children = (
				6034D17A2313E811009DBBDF /* BTPageHeadLabelView.h */,
				6034D1772313E811009DBBDF /* BTPageHeadLabelView.m */,
				6034D1792313E811009DBBDF /* BTPageHeadView.h */,
				6034D17B2313E811009DBBDF /* BTPageHeadView.m */,
				6034D1782313E811009DBBDF /* BTPageView.h */,
				6034D17C2313E811009DBBDF /* BTPageView.m */,
				6034D1822313E96F009DBBDF /* BTPageViewController.h */,
				6034D1832313E96F009DBBDF /* BTPageViewController.m */,
			);
			path = pageView;
			sourceTree = "<group>";
		};
		6034D1802313E81A009DBBDF /* category */ = {
			isa = PBXGroup;
			children = (
				18E77F6524985E7C00BF9F5A /* UILabel+BTLabel.h */,
				18E77F6624985E7C00BF9F5A /* UILabel+BTLabel.m */,
				18629BA823BA054300CE552C /* WKWebView+FullImg.h */,
				18629BA923BA054300CE552C /* WKWebView+FullImg.m */,
				60D28A942306923A0043442B /* UIView+BTViewTool.h */,
				60D28A852306923A0043442B /* UIView+BTViewTool.m */,
				60D28A802306923A0043442B /* UIView+BTConstraint.h */,
				60D28A8C2306923A0043442B /* UIView+BTConstraint.m */,
				60D28A892306923A0043442B /* UIImage+BTImage.h */,
				60D28A8F2306923A0043442B /* UIImage+BTImage.m */,
				60D28A862306923A0043442B /* UIView+BTEasyDialog.h */,
				60D28A922306923A0043442B /* UIView+BTEasyDialog.m */,
			);
			path = category;
			sourceTree = "<group>";
		};
		6034D1812313E86C009DBBDF /* dialog */ = {
			isa = PBXGroup;
			children = (
				60D28A902306923A0043442B /* BTDialogView.h */,
				60D28A882306923A0043442B /* BTDialogView.m */,
				60D28A832306923A0043442B /* BTDialogTableView.h */,
				60D28A952306923A0043442B /* BTDialogTableView.m */,
			);
			path = dialog;
			sourceTree = "<group>";
		};
		6037C16A23168C570017D898 /* pageViewTest */ = {
			isa = PBXGroup;
			children = (
				6037C16B23168C880017D898 /* PageViewTestViewController.h */,
				6037C16C23168C880017D898 /* PageViewTestViewController.m */,
				6037C16E23168CAE0017D898 /* PageVcTestViewController.h */,
				6037C16F23168CAE0017D898 /* PageVcTestViewController.m */,
				60643D702318F5B5007C1E01 /* PageChildVcViewController.h */,
				60643D712318F5B5007C1E01 /* PageChildVcViewController.m */,
			);
			path = pageViewTest;
			sourceTree = "<group>";
		};
		60D28A5B230692260043442B = {
			isa = PBXGroup;
			children = (
				0DE9CFD623C1F658004607AD /* DataModel.h */,
				0DE9CFD723C1F658004607AD /* DataModel.m */,
				60D28A66230692260043442B /* BTWidgetViewExample */,
				60D28A65230692260043442B /* Products */,
				B5C180072B33B072F546E259 /* Pods */,
				E52461B76B9615B4149494C1 /* Frameworks */,
			);
			sourceTree = "<group>";
		};
		60D28A65230692260043442B /* Products */ = {
			isa = PBXGroup;
			children = (
				60D28A64230692260043442B /* BTWidgetViewExample.app */,
			);
			name = Products;
			sourceTree = "<group>";
		};
		60D28A66230692260043442B /* BTWidgetViewExample */ = {
			isa = PBXGroup;
			children = (
				18E77F682498631900BF9F5A /* labelTest */,
				18A1E9FC248E17B30067D00C /* inputeViewTest */,
				1898CCD6246572B800F50264 /* SlideTest */,
				0DD56D042445F62B00708775 /* searchTest */,
				0DCC398923B7142D00197B15 /* BTDialogBundle.bundle */,
				0D41968E23B63C6D00F5079F /* dialogTest */,
				6037C16A23168C570017D898 /* pageViewTest */,
				60D28A7D2306923A0043442B /* BTWidgetView */,
				60D28A67230692260043442B /* AppDelegate.h */,
				60D28A68230692260043442B /* AppDelegate.m */,
				60D28A6A230692260043442B /* ViewController.h */,
				60D28A6B230692260043442B /* ViewController.m */,
				6037C17123168E430017D898 /* HomeTableViewCell.h */,
				6037C17223168E430017D898 /* HomeTableViewCell.m */,
				6037C17323168E430017D898 /* HomeTableViewCell.xib */,
				60D28A6D230692260043442B /* Main.storyboard */,
				60D28A70230692270043442B /* Assets.xcassets */,
				60D28A72230692270043442B /* LaunchScreen.storyboard */,
				60D28A75230692270043442B /* Info.plist */,
				60D28A76230692270043442B /* main.m */,
			);
			path = BTWidgetViewExample;
			sourceTree = "<group>";
		};
		60D28A7D2306923A0043442B /* BTWidgetView */ = {
			isa = PBXGroup;
			children = (
				18A1EA00248E2E160067D00C /* input */,
				186F1D4124371934002BB121 /* search */,
				0D41969723B6413D00F5079F /* alert */,
				6034D1812313E86C009DBBDF /* dialog */,
				6034D1802313E81A009DBBDF /* category */,
				6034D1762313E800009DBBDF /* pageView */,
				60D28A872306923A0043442B /* BTButton.h */,
				60D28A912306923A0043442B /* BTButton.m */,
				60D28A8E2306923A0043442B /* BTLineView.h */,
				60D28A822306923A0043442B /* BTLineView.m */,
				18629BAB23BA05AF00CE552C /* BTContentAutoView.h */,
				18629BAC23BA05AF00CE552C /* BTContentAutoView.m */,
				1867739423C6FAE40068E3DC /* BTGridImgView.h */,
				1867739523C6FAE40068E3DC /* BTGridImgView.m */,
				1860860623D160F100E2749E /* BTStarView.h */,
				1860860723D160F100E2749E /* BTStarView.m */,
				185CF1E32446F0AC00866B1A /* BTVerticalAnimView.h */,
				185CF1E42446F0AC00866B1A /* BTVerticalAnimView.m */,
				185CF1E92446F1EE00866B1A /* BTScrollLabelView.h */,
				185CF1EA2446F1EE00866B1A /* BTScrollLabelView.m */,
				18859B1E2446B1F600B8B1D9 /* BTWidgetView.h */,
				18859B1F2446B1F600B8B1D9 /* BTWidgetView.m */,
				1883F740245804F6004D1F8E /* BTProgressView.h */,
				1883F741245804F6004D1F8E /* BTProgressView.m */,
				1898CCD324656EB800F50264 /* BTSlideView.h */,
				1898CCD424656EB800F50264 /* BTSlideView.m */,
			);
			name = BTWidgetView;
			path = ../../BTWidgetView;
			sourceTree = "<group>";
		};
		B5C180072B33B072F546E259 /* Pods */ = {
			isa = PBXGroup;
			children = (
				5E98408A0C95CC96F9CDA16D /* Pods-BTWidgetViewExample.debug.xcconfig */,
				30FB91F8B97D3E03F3F43591 /* Pods-BTWidgetViewExample.release.xcconfig */,
			);
			path = Pods;
			sourceTree = "<group>";
		};
		E52461B76B9615B4149494C1 /* Frameworks */ = {
			isa = PBXGroup;
			children = (
				18859B172446A0FE00B8B1D9 /* BTHelp.framework */,
				7C15052C4A266285DD500636 /* Pods_BTWidgetViewExample.framework */,
			);
			name = Frameworks;
			sourceTree = "<group>";
		};
/* End PBXGroup section */

/* Begin PBXNativeTarget section */
		60D28A63230692260043442B /* BTWidgetViewExample */ = {
			isa = PBXNativeTarget;
			buildConfigurationList = 60D28A7A230692270043442B /* Build configuration list for PBXNativeTarget "BTWidgetViewExample" */;
			buildPhases = (
				74C636ADEAE80C1E5519360A /* [CP] Check Pods Manifest.lock */,
				60D28A60230692260043442B /* Sources */,
				60D28A61230692260043442B /* Frameworks */,
				60D28A62230692260043442B /* Resources */,
				18859B1D2446A10A00B8B1D9 /* Embed Frameworks */,
				E4801BDBB22950AB50933D98 /* [CP] Embed Pods Frameworks */,
			);
			buildRules = (
			);
			dependencies = (
			);
			name = BTWidgetViewExample;
			productName = BTWidgetViewExample;
			productReference = 60D28A64230692260043442B /* BTWidgetViewExample.app */;
			productType = "com.apple.product-type.application";
		};
/* End PBXNativeTarget section */

/* Begin PBXProject section */
		60D28A5C230692260043442B /* Project object */ = {
			isa = PBXProject;
			attributes = {
				LastUpgradeCheck = 1030;
				ORGANIZATIONNAME = stone;
				TargetAttributes = {
					60D28A63230692260043442B = {
						CreatedOnToolsVersion = 10.3;
					};
				};
			};
			buildConfigurationList = 60D28A5F230692260043442B /* Build configuration list for PBXProject "BTWidgetViewExample" */;
			compatibilityVersion = "Xcode 9.3";
			developmentRegion = en;
			hasScannedForEncodings = 0;
			knownRegions = (
				en,
				Base,
			);
			mainGroup = 60D28A5B230692260043442B;
			productRefGroup = 60D28A65230692260043442B /* Products */;
			projectDirPath = "";
			projectRoot = "";
			targets = (
				60D28A63230692260043442B /* BTWidgetViewExample */,
			);
		};
/* End PBXProject section */

/* Begin PBXResourcesBuildPhase section */
		60D28A62230692260043442B /* Resources */ = {
			isa = PBXResourcesBuildPhase;
			buildActionMask = 2147483647;
			files = (
				18A1EA07248E46800067D00C /* BTRecordVoiceView.xib in Resources */,
				60D28A74230692270043442B /* LaunchScreen.storyboard in Resources */,
				0DCC398A23B7142E00197B15 /* BTDialogBundle.bundle in Resources */,
				60D28A71230692270043442B /* Assets.xcassets in Resources */,
				18E5647E249762430050C13E /* InputTestViewController.xib in Resources */,
				0D41969323B63CBD00F5079F /* DialogTestViewController.xib in Resources */,
				6037C17523168E430017D898 /* HomeTableViewCell.xib in Resources */,
				60D28A6F230692260043442B /* Main.storyboard in Resources */,
				18A1EA09248E46800067D00C /* record_voice.png in Resources */,
			);
			runOnlyForDeploymentPostprocessing = 0;
		};
/* End PBXResourcesBuildPhase section */

/* Begin PBXShellScriptBuildPhase section */
		74C636ADEAE80C1E5519360A /* [CP] Check Pods Manifest.lock */ = {
			isa = PBXShellScriptBuildPhase;
			buildActionMask = 2147483647;
			files = (
			);
			inputFileListPaths = (
			);
			inputPaths = (
				"${PODS_PODFILE_DIR_PATH}/Podfile.lock",
				"${PODS_ROOT}/Manifest.lock",
			);
			name = "[CP] Check Pods Manifest.lock";
			outputFileListPaths = (
			);
			outputPaths = (
				"$(DERIVED_FILE_DIR)/Pods-BTWidgetViewExample-checkManifestLockResult.txt",
			);
			runOnlyForDeploymentPostprocessing = 0;
			shellPath = /bin/sh;
			shellScript = "diff \"${PODS_PODFILE_DIR_PATH}/Podfile.lock\" \"${PODS_ROOT}/Manifest.lock\" > /dev/null\nif [ $? != 0 ] ; then\n    # print error to STDERR\n    echo \"error: The sandbox is not in sync with the Podfile.lock. Run 'pod install' or update your CocoaPods installation.\" >&2\n    exit 1\nfi\n# This output is used by Xcode 'outputs' to avoid re-running this script phase.\necho \"SUCCESS\" > \"${SCRIPT_OUTPUT_FILE_0}\"\n";
			showEnvVarsInLog = 0;
		};
		E4801BDBB22950AB50933D98 /* [CP] Embed Pods Frameworks */ = {
			isa = PBXShellScriptBuildPhase;
			buildActionMask = 2147483647;
			files = (
			);
			inputFileListPaths = (
				"${PODS_ROOT}/Target Support Files/Pods-BTWidgetViewExample/Pods-BTWidgetViewExample-frameworks-${CONFIGURATION}-input-files.xcfilelist",
			);
			name = "[CP] Embed Pods Frameworks";
			outputFileListPaths = (
				"${PODS_ROOT}/Target Support Files/Pods-BTWidgetViewExample/Pods-BTWidgetViewExample-frameworks-${CONFIGURATION}-output-files.xcfilelist",
			);
			runOnlyForDeploymentPostprocessing = 0;
			shellPath = /bin/sh;
			shellScript = "\"${PODS_ROOT}/Target Support Files/Pods-BTWidgetViewExample/Pods-BTWidgetViewExample-frameworks.sh\"\n";
			showEnvVarsInLog = 0;
		};
/* End PBXShellScriptBuildPhase section */

/* Begin PBXSourcesBuildPhase section */
		60D28A60230692260043442B /* Sources */ = {
			isa = PBXSourcesBuildPhase;
			buildActionMask = 2147483647;
			files = (
				1867A8F92445C0CE00DC819F /* BTSearchHeadView.m in Sources */,
				6037C16D23168C880017D898 /* PageViewTestViewController.m in Sources */,
				1883F742245804F6004D1F8E /* BTProgressView.m in Sources */,
				1867739623C6FAE40068E3DC /* BTGridImgView.m in Sources */,
				6034D17D2313E811009DBBDF /* BTPageHeadLabelView.m in Sources */,
				60D28AA12306923A0043442B /* BTDialogTableView.m in Sources */,
				60D28A9F2306923A0043442B /* UIView+BTEasyDialog.m in Sources */,
				18E77F6724985E7C00BF9F5A /* UILabel+BTLabel.m in Sources */,
				18E5647D249762430050C13E /* InputTestViewController.m in Sources */,
				185CF1EB2446F1EE00866B1A /* BTScrollLabelView.m in Sources */,
				60D28A992306923A0043442B /* UIView+BTViewTool.m in Sources */,
				60D28A982306923A0043442B /* BTLineView.m in Sources */,
				1898CCD9246572C400F50264 /* SlideTestViewController.m in Sources */,
				18A1EA08248E46800067D00C /* BTRecordVoiceView.m in Sources */,
				1860860823D160F100E2749E /* BTStarView.m in Sources */,
				60D28A9A2306923A0043442B /* BTDialogView.m in Sources */,
				60D28A6C230692260043442B /* ViewController.m in Sources */,
				6034D17F2313E811009DBBDF /* BTPageView.m in Sources */,
				60D28A9B2306923A0043442B /* UIView+BTConstraint.m in Sources */,
				6034D1842313E96F009DBBDF /* BTPageViewController.m in Sources */,
				0DE9CFD823C1F658004607AD /* DataModel.m in Sources */,
				0D41968D23B639BF00F5079F /* BTAlertView.m in Sources */,
				18629BAA23BA054300CE552C /* WKWebView+FullImg.m in Sources */,
				0D41969223B63CBD00F5079F /* DialogTestViewController.m in Sources */,
				6037C17423168E430017D898 /* HomeTableViewCell.m in Sources */,
				60D28A9C2306923A0043442B /* BTTextField.m in Sources */,
				60D28A962306923A0043442B /* BTTextView.m in Sources */,
				0D41969623B6413100F5079F /* BTAlertLabelView.m in Sources */,
				18859B202446B1F600B8B1D9 /* BTWidgetView.m in Sources */,
				0DD56D082445F65C00708775 /* SearchTestViewController.m in Sources */,
				18E77F6B2498633000BF9F5A /* LabelTestViewController.m in Sources */,
				1898CCD524656EB800F50264 /* BTSlideView.m in Sources */,
				0D41969D23B6483800F5079F /* BTAlertTextFieldView.m in Sources */,
				6034D17E2313E811009DBBDF /* BTPageHeadView.m in Sources */,
				60643D722318F5B5007C1E01 /* PageChildVcViewController.m in Sources */,
				60D28A9E2306923A0043442B /* BTButton.m in Sources */,
				18629BAD23BA05AF00CE552C /* BTContentAutoView.m in Sources */,
				60D28A77230692270043442B /* main.m in Sources */,
				60D28AA02306923A0043442B /* BTTextInputView.m in Sources */,
				60D28A69230692260043442B /* AppDelegate.m in Sources */,
				0DCC398D23B71A6C00197B15 /* BTAlertTextView.m in Sources */,
				185CF1E52446F0AC00866B1A /* BTVerticalAnimView.m in Sources */,
				6037C17023168CAE0017D898 /* PageVcTestViewController.m in Sources */,
				1867A8F62445C06D00DC819F /* BTSearchView.m in Sources */,
				60D28A9D2306923A0043442B /* UIImage+BTImage.m in Sources */,
			);
			runOnlyForDeploymentPostprocessing = 0;
		};
/* End PBXSourcesBuildPhase section */

/* Begin PBXVariantGroup section */
		60D28A6D230692260043442B /* Main.storyboard */ = {
			isa = PBXVariantGroup;
			children = (
				60D28A6E230692260043442B /* Base */,
			);
			name = Main.storyboard;
			sourceTree = "<group>";
		};
		60D28A72230692270043442B /* LaunchScreen.storyboard */ = {
			isa = PBXVariantGroup;
			children = (
				60D28A73230692270043442B /* Base */,
			);
			name = LaunchScreen.storyboard;
			sourceTree = "<group>";
		};
/* End PBXVariantGroup section */

/* Begin XCBuildConfiguration section */
		60D28A78230692270043442B /* Debug */ = {
			isa = XCBuildConfiguration;
			buildSettings = {
				ALWAYS_SEARCH_USER_PATHS = NO;
				CLANG_ANALYZER_NONNULL = YES;
				CLANG_ANALYZER_NUMBER_OBJECT_CONVERSION = YES_AGGRESSIVE;
				CLANG_CXX_LANGUAGE_STANDARD = "gnu++14";
				CLANG_CXX_LIBRARY = "libc++";
				CLANG_ENABLE_MODULES = YES;
				CLANG_ENABLE_OBJC_ARC = YES;
				CLANG_ENABLE_OBJC_WEAK = YES;
				CLANG_WARN_BLOCK_CAPTURE_AUTORELEASING = YES;
				CLANG_WARN_BOOL_CONVERSION = YES;
				CLANG_WARN_COMMA = YES;
				CLANG_WARN_CONSTANT_CONVERSION = YES;
				CLANG_WARN_DEPRECATED_OBJC_IMPLEMENTATIONS = YES;
				CLANG_WARN_DIRECT_OBJC_ISA_USAGE = YES_ERROR;
				CLANG_WARN_DOCUMENTATION_COMMENTS = YES;
				CLANG_WARN_EMPTY_BODY = YES;
				CLANG_WARN_ENUM_CONVERSION = YES;
				CLANG_WARN_INFINITE_RECURSION = YES;
				CLANG_WARN_INT_CONVERSION = YES;
				CLANG_WARN_NON_LITERAL_NULL_CONVERSION = YES;
				CLANG_WARN_OBJC_IMPLICIT_RETAIN_SELF = YES;
				CLANG_WARN_OBJC_LITERAL_CONVERSION = YES;
				CLANG_WARN_OBJC_ROOT_CLASS = YES_ERROR;
				CLANG_WARN_RANGE_LOOP_ANALYSIS = YES;
				CLANG_WARN_STRICT_PROTOTYPES = YES;
				CLANG_WARN_SUSPICIOUS_MOVE = YES;
				CLANG_WARN_UNGUARDED_AVAILABILITY = YES_AGGRESSIVE;
				CLANG_WARN_UNREACHABLE_CODE = YES;
				CLANG_WARN__DUPLICATE_METHOD_MATCH = YES;
				CODE_SIGN_IDENTITY = "iPhone Developer";
				COPY_PHASE_STRIP = NO;
				DEBUG_INFORMATION_FORMAT = dwarf;
				ENABLE_STRICT_OBJC_MSGSEND = YES;
				ENABLE_TESTABILITY = YES;
				GCC_C_LANGUAGE_STANDARD = gnu11;
				GCC_DYNAMIC_NO_PIC = NO;
				GCC_NO_COMMON_BLOCKS = YES;
				GCC_OPTIMIZATION_LEVEL = 0;
				GCC_PREPROCESSOR_DEFINITIONS = (
					"DEBUG=1",
					"$(inherited)",
				);
				GCC_WARN_64_TO_32_BIT_CONVERSION = YES;
				GCC_WARN_ABOUT_RETURN_TYPE = YES_ERROR;
				GCC_WARN_UNDECLARED_SELECTOR = YES;
				GCC_WARN_UNINITIALIZED_AUTOS = YES_AGGRESSIVE;
				GCC_WARN_UNUSED_FUNCTION = YES;
				GCC_WARN_UNUSED_VARIABLE = YES;
				IPHONEOS_DEPLOYMENT_TARGET = 12.4;
				MTL_ENABLE_DEBUG_INFO = INCLUDE_SOURCE;
				MTL_FAST_MATH = YES;
				ONLY_ACTIVE_ARCH = YES;
				SDKROOT = iphoneos;
			};
			name = Debug;
		};
		60D28A79230692270043442B /* Release */ = {
			isa = XCBuildConfiguration;
			buildSettings = {
				ALWAYS_SEARCH_USER_PATHS = NO;
				CLANG_ANALYZER_NONNULL = YES;
				CLANG_ANALYZER_NUMBER_OBJECT_CONVERSION = YES_AGGRESSIVE;
				CLANG_CXX_LANGUAGE_STANDARD = "gnu++14";
				CLANG_CXX_LIBRARY = "libc++";
				CLANG_ENABLE_MODULES = YES;
				CLANG_ENABLE_OBJC_ARC = YES;
				CLANG_ENABLE_OBJC_WEAK = YES;
				CLANG_WARN_BLOCK_CAPTURE_AUTORELEASING = YES;
				CLANG_WARN_BOOL_CONVERSION = YES;
				CLANG_WARN_COMMA = YES;
				CLANG_WARN_CONSTANT_CONVERSION = YES;
				CLANG_WARN_DEPRECATED_OBJC_IMPLEMENTATIONS = YES;
				CLANG_WARN_DIRECT_OBJC_ISA_USAGE = YES_ERROR;
				CLANG_WARN_DOCUMENTATION_COMMENTS = YES;
				CLANG_WARN_EMPTY_BODY = YES;
				CLANG_WARN_ENUM_CONVERSION = YES;
				CLANG_WARN_INFINITE_RECURSION = YES;
				CLANG_WARN_INT_CONVERSION = YES;
				CLANG_WARN_NON_LITERAL_NULL_CONVERSION = YES;
				CLANG_WARN_OBJC_IMPLICIT_RETAIN_SELF = YES;
				CLANG_WARN_OBJC_LITERAL_CONVERSION = YES;
				CLANG_WARN_OBJC_ROOT_CLASS = YES_ERROR;
				CLANG_WARN_RANGE_LOOP_ANALYSIS = YES;
				CLANG_WARN_STRICT_PROTOTYPES = YES;
				CLANG_WARN_SUSPICIOUS_MOVE = YES;
				CLANG_WARN_UNGUARDED_AVAILABILITY = YES_AGGRESSIVE;
				CLANG_WARN_UNREACHABLE_CODE = YES;
				CLANG_WARN__DUPLICATE_METHOD_MATCH = YES;
				CODE_SIGN_IDENTITY = "iPhone Developer";
				COPY_PHASE_STRIP = NO;
				DEBUG_INFORMATION_FORMAT = "dwarf-with-dsym";
				ENABLE_NS_ASSERTIONS = NO;
				ENABLE_STRICT_OBJC_MSGSEND = YES;
				GCC_C_LANGUAGE_STANDARD = gnu11;
				GCC_NO_COMMON_BLOCKS = YES;
				GCC_WARN_64_TO_32_BIT_CONVERSION = YES;
				GCC_WARN_ABOUT_RETURN_TYPE = YES_ERROR;
				GCC_WARN_UNDECLARED_SELECTOR = YES;
				GCC_WARN_UNINITIALIZED_AUTOS = YES_AGGRESSIVE;
				GCC_WARN_UNUSED_FUNCTION = YES;
				GCC_WARN_UNUSED_VARIABLE = YES;
				IPHONEOS_DEPLOYMENT_TARGET = 12.4;
				MTL_ENABLE_DEBUG_INFO = NO;
				MTL_FAST_MATH = YES;
				SDKROOT = iphoneos;
				VALIDATE_PRODUCT = YES;
			};
			name = Release;
		};
		60D28A7B230692270043442B /* Debug */ = {
			isa = XCBuildConfiguration;
			baseConfigurationReference = 5E98408A0C95CC96F9CDA16D /* Pods-BTWidgetViewExample.debug.xcconfig */;
			buildSettings = {
				ASSETCATALOG_COMPILER_APPICON_NAME = AppIcon;
				CODE_SIGN_STYLE = Automatic;
				DEVELOPMENT_TEAM = 43846DSFBT;
				INFOPLIST_FILE = BTWidgetViewExample/Info.plist;
				LD_RUNPATH_SEARCH_PATHS = (
					"$(inherited)",
					"@executable_path/Frameworks",
				);
				LIBRARY_SEARCH_PATHS = (
					"$(inherited)",
					"$(PROJECT_DIR)/BTWidgetViewExample/inputeViewTest",
				);
				PRODUCT_BUNDLE_IDENTIFIER = com.wocai.test;
				PRODUCT_NAME = "$(TARGET_NAME)";
				TARGETED_DEVICE_FAMILY = "1,2";
			};
			name = Debug;
		};
		60D28A7C230692270043442B /* Release */ = {
			isa = XCBuildConfiguration;
			baseConfigurationReference = 30FB91F8B97D3E03F3F43591 /* Pods-BTWidgetViewExample.release.xcconfig */;
			buildSettings = {
				ASSETCATALOG_COMPILER_APPICON_NAME = AppIcon;
				CODE_SIGN_STYLE = Automatic;
				DEVELOPMENT_TEAM = 43846DSFBT;
				INFOPLIST_FILE = BTWidgetViewExample/Info.plist;
				LD_RUNPATH_SEARCH_PATHS = (
					"$(inherited)",
					"@executable_path/Frameworks",
				);
				LIBRARY_SEARCH_PATHS = (
					"$(inherited)",
					"$(PROJECT_DIR)/BTWidgetViewExample/inputeViewTest",
				);
				PRODUCT_BUNDLE_IDENTIFIER = com.wocai.test;
				PRODUCT_NAME = "$(TARGET_NAME)";
				TARGETED_DEVICE_FAMILY = "1,2";
			};
			name = Release;
		};
/* End XCBuildConfiguration section */

/* Begin XCConfigurationList section */
		60D28A5F230692260043442B /* Build configuration list for PBXProject "BTWidgetViewExample" */ = {
			isa = XCConfigurationList;
			buildConfigurations = (
				60D28A78230692270043442B /* Debug */,
				60D28A79230692270043442B /* Release */,
			);
			defaultConfigurationIsVisible = 0;
			defaultConfigurationName = Release;
		};
		60D28A7A230692270043442B /* Build configuration list for PBXNativeTarget "BTWidgetViewExample" */ = {
			isa = XCConfigurationList;
			buildConfigurations = (
				60D28A7B230692270043442B /* Debug */,
				60D28A7C230692270043442B /* Release */,
			);
			defaultConfigurationIsVisible = 0;
			defaultConfigurationName = Release;
		};
/* End XCConfigurationList section */
	};
	rootObject = 60D28A5C230692260043442B /* Project object */;
}
