// !$*UTF8*$!
{
	archiveVersion = 1;
	classes = {
	};
	objectVersion = 50;
	objects = {

/* Begin PBXBuildFile section */
		9B6DE76322532CE7005F6EEF /* AppDelegate.m in Sources */ = {isa = PBXBuildFile; fileRef = 9B6DE76222532CE7005F6EEF /* AppDelegate.m */; };
		9B6DE76622532CE7005F6EEF /* ViewController.m in Sources */ = {isa = PBXBuildFile; fileRef = 9B6DE76522532CE7005F6EEF /* ViewController.m */; };
		9B6DE76922532CE7005F6EEF /* Main.storyboard in Resources */ = {isa = PBXBuildFile; fileRef = 9B6DE76722532CE7005F6EEF /* Main.storyboard */; };
		9B6DE76B22532CE9005F6EEF /* Assets.xcassets in Resources */ = {isa = PBXBuildFile; fileRef = 9B6DE76A22532CE9005F6EEF /* Assets.xcassets */; };
		9B6DE76E22532CE9005F6EEF /* LaunchScreen.storyboard in Resources */ = {isa = PBXBuildFile; fileRef = 9B6DE76C22532CE9005F6EEF /* LaunchScreen.storyboard */; };
		9B6DE77122532CE9005F6EEF /* main.m in Sources */ = {isa = PBXBuildFile; fileRef = 9B6DE77022532CE9005F6EEF /* main.m */; };
		9B6DE79422532E4D005F6EEF /* BTDialogTableViewCell.m in Sources */ = {isa = PBXBuildFile; fileRef = 9B6DE78D22532E4D005F6EEF /* BTDialogTableViewCell.m */; };
		9B6DE79622532E4D005F6EEF /* BTDialogView.m in Sources */ = {isa = PBXBuildFile; fileRef = 9B6DE78F22532E4D005F6EEF /* BTDialogView.m */; };
		9B6DE79B22532F5B005F6EEF /* BTDialogTableView.m in Sources */ = {isa = PBXBuildFile; fileRef = 9B6DE79A22532F5B005F6EEF /* BTDialogTableView.m */; };
		9B72396722D8224D00042FC0 /* UIView+BTEasyDialog.m in Sources */ = {isa = PBXBuildFile; fileRef = 9B72396622D8224D00042FC0 /* UIView+BTEasyDialog.m */; };
		9BAAAC1F226231F200ED207D /* TestTableViewCell.m in Sources */ = {isa = PBXBuildFile; fileRef = 9BAAAC1D226231F200ED207D /* TestTableViewCell.m */; };
		9BAAAC20226231F200ED207D /* TestTableViewCell.xib in Resources */ = {isa = PBXBuildFile; fileRef = 9BAAAC1E226231F200ED207D /* TestTableViewCell.xib */; };
		9BAAAC2F2264659C00ED207D /* BTDialogBundle.bundle in Resources */ = {isa = PBXBuildFile; fileRef = 9BAAAC2E2264659B00ED207D /* BTDialogBundle.bundle */; };
		9DBD86FC486B7D2B75F49287 /* Pods_BTDialogExample.framework in Frameworks */ = {isa = PBXBuildFile; fileRef = EDDB5FFB60B65DD8598ABEF4 /* Pods_BTDialogExample.framework */; };
/* End PBXBuildFile section */

/* Begin PBXFileReference section */
		76B3FE417069DFBFD1452B3F /* Pods-BTDialogExample.debug.xcconfig */ = {isa = PBXFileReference; includeInIndex = 1; lastKnownFileType = text.xcconfig; name = "Pods-BTDialogExample.debug.xcconfig"; path = "Target Support Files/Pods-BTDialogExample/Pods-BTDialogExample.debug.xcconfig"; sourceTree = "<group>"; };
		9B6DE75E22532CE7005F6EEF /* BTDialogExample.app */ = {isa = PBXFileReference; explicitFileType = wrapper.application; includeInIndex = 0; path = BTDialogExample.app; sourceTree = BUILT_PRODUCTS_DIR; };
		9B6DE76122532CE7005F6EEF /* AppDelegate.h */ = {isa = PBXFileReference; lastKnownFileType = sourcecode.c.h; path = AppDelegate.h; sourceTree = "<group>"; };
		9B6DE76222532CE7005F6EEF /* AppDelegate.m */ = {isa = PBXFileReference; lastKnownFileType = sourcecode.c.objc; path = AppDelegate.m; sourceTree = "<group>"; };
		9B6DE76422532CE7005F6EEF /* ViewController.h */ = {isa = PBXFileReference; lastKnownFileType = sourcecode.c.h; path = ViewController.h; sourceTree = "<group>"; };
		9B6DE76522532CE7005F6EEF /* ViewController.m */ = {isa = PBXFileReference; lastKnownFileType = sourcecode.c.objc; path = ViewController.m; sourceTree = "<group>"; };
		9B6DE76822532CE7005F6EEF /* Base */ = {isa = PBXFileReference; lastKnownFileType = file.storyboard; name = Base; path = Base.lproj/Main.storyboard; sourceTree = "<group>"; };
		9B6DE76A22532CE9005F6EEF /* Assets.xcassets */ = {isa = PBXFileReference; lastKnownFileType = folder.assetcatalog; path = Assets.xcassets; sourceTree = "<group>"; };
		9B6DE76D22532CE9005F6EEF /* Base */ = {isa = PBXFileReference; lastKnownFileType = file.storyboard; name = Base; path = Base.lproj/LaunchScreen.storyboard; sourceTree = "<group>"; };
		9B6DE76F22532CE9005F6EEF /* Info.plist */ = {isa = PBXFileReference; lastKnownFileType = text.plist.xml; path = Info.plist; sourceTree = "<group>"; };
		9B6DE77022532CE9005F6EEF /* main.m */ = {isa = PBXFileReference; lastKnownFileType = sourcecode.c.objc; path = main.m; sourceTree = "<group>"; };
		9B6DE78B22532E4D005F6EEF /* BTDialogView.h */ = {isa = PBXFileReference; fileEncoding = 4; lastKnownFileType = sourcecode.c.h; path = BTDialogView.h; sourceTree = "<group>"; };
		9B6DE78D22532E4D005F6EEF /* BTDialogTableViewCell.m */ = {isa = PBXFileReference; fileEncoding = 4; lastKnownFileType = sourcecode.c.objc; path = BTDialogTableViewCell.m; sourceTree = "<group>"; };
		9B6DE78F22532E4D005F6EEF /* BTDialogView.m */ = {isa = PBXFileReference; fileEncoding = 4; lastKnownFileType = sourcecode.c.objc; path = BTDialogView.m; sourceTree = "<group>"; };
		9B6DE79222532E4D005F6EEF /* BTDialogTableViewCell.h */ = {isa = PBXFileReference; fileEncoding = 4; lastKnownFileType = sourcecode.c.h; path = BTDialogTableViewCell.h; sourceTree = "<group>"; };
		9B6DE79922532F5B005F6EEF /* BTDialogTableView.h */ = {isa = PBXFileReference; lastKnownFileType = sourcecode.c.h; path = BTDialogTableView.h; sourceTree = "<group>"; };
		9B6DE79A22532F5B005F6EEF /* BTDialogTableView.m */ = {isa = PBXFileReference; lastKnownFileType = sourcecode.c.objc; path = BTDialogTableView.m; sourceTree = "<group>"; };
		9B72396522D8224D00042FC0 /* UIView+BTEasyDialog.h */ = {isa = PBXFileReference; fileEncoding = 4; lastKnownFileType = sourcecode.c.h; path = "UIView+BTEasyDialog.h"; sourceTree = "<group>"; };
		9B72396622D8224D00042FC0 /* UIView+BTEasyDialog.m */ = {isa = PBXFileReference; fileEncoding = 4; lastKnownFileType = sourcecode.c.objc; path = "UIView+BTEasyDialog.m"; sourceTree = "<group>"; };
		9BAAAC1C226231F200ED207D /* TestTableViewCell.h */ = {isa = PBXFileReference; lastKnownFileType = sourcecode.c.h; path = TestTableViewCell.h; sourceTree = "<group>"; };
		9BAAAC1D226231F200ED207D /* TestTableViewCell.m */ = {isa = PBXFileReference; lastKnownFileType = sourcecode.c.objc; path = TestTableViewCell.m; sourceTree = "<group>"; };
		9BAAAC1E226231F200ED207D /* TestTableViewCell.xib */ = {isa = PBXFileReference; lastKnownFileType = file.xib; path = TestTableViewCell.xib; sourceTree = "<group>"; };
		9BAAAC282264651400ED207D /* BTDialogBundle.bundle */ = {isa = PBXFileReference; explicitFileType = wrapper.cfbundle; includeInIndex = 0; path = BTDialogBundle.bundle; sourceTree = BUILT_PRODUCTS_DIR; };
		9BAAAC2A2264651400ED207D /* Info.plist */ = {isa = PBXFileReference; lastKnownFileType = text.plist.xml; path = Info.plist; sourceTree = "<group>"; };
		9BAAAC2E2264659B00ED207D /* BTDialogBundle.bundle */ = {isa = PBXFileReference; lastKnownFileType = "wrapper.plug-in"; name = BTDialogBundle.bundle; path = ../../Assets/BTDialogBundle.bundle; sourceTree = "<group>"; };
		D8EF3D56B4EF71BEF952ED8F /* Pods-BTDialogExample.release.xcconfig */ = {isa = PBXFileReference; includeInIndex = 1; lastKnownFileType = text.xcconfig; name = "Pods-BTDialogExample.release.xcconfig"; path = "Target Support Files/Pods-BTDialogExample/Pods-BTDialogExample.release.xcconfig"; sourceTree = "<group>"; };
		EDDB5FFB60B65DD8598ABEF4 /* Pods_BTDialogExample.framework */ = {isa = PBXFileReference; explicitFileType = wrapper.framework; includeInIndex = 0; path = Pods_BTDialogExample.framework; sourceTree = BUILT_PRODUCTS_DIR; };
/* End PBXFileReference section */

/* Begin PBXFrameworksBuildPhase section */
		9B6DE75B22532CE7005F6EEF /* Frameworks */ = {
			isa = PBXFrameworksBuildPhase;
			buildActionMask = 2147483647;
			files = (
				9DBD86FC486B7D2B75F49287 /* Pods_BTDialogExample.framework in Frameworks */,
			);
			runOnlyForDeploymentPostprocessing = 0;
		};
		9BAAAC252264651400ED207D /* Frameworks */ = {
			isa = PBXFrameworksBuildPhase;
			buildActionMask = 2147483647;
			files = (
			);
			runOnlyForDeploymentPostprocessing = 0;
		};
/* End PBXFrameworksBuildPhase section */

/* Begin PBXGroup section */
		9B6DE75522532CE7005F6EEF = {
			isa = PBXGroup;
			children = (
				9B6DE76022532CE7005F6EEF /* BTDialogExample */,
				9BAAAC292264651400ED207D /* BTDialogBundle */,
				9B6DE75F22532CE7005F6EEF /* Products */,
				F719E363D845F000EDCF62C5 /* Pods */,
				DD9E8D285FD25069C20B79A3 /* Frameworks */,
			);
			sourceTree = "<group>";
		};
		9B6DE75F22532CE7005F6EEF /* Products */ = {
			isa = PBXGroup;
			children = (
				9B6DE75E22532CE7005F6EEF /* BTDialogExample.app */,
				9BAAAC282264651400ED207D /* BTDialogBundle.bundle */,
			);
			name = Products;
			sourceTree = "<group>";
		};
		9B6DE76022532CE7005F6EEF /* BTDialogExample */ = {
			isa = PBXGroup;
			children = (
				9BAAAC2E2264659B00ED207D /* BTDialogBundle.bundle */,
				9B6DE78922532E4D005F6EEF /* BTDialog */,
				9B6DE76122532CE7005F6EEF /* AppDelegate.h */,
				9B6DE76222532CE7005F6EEF /* AppDelegate.m */,
				9B6DE76422532CE7005F6EEF /* ViewController.h */,
				9B6DE76522532CE7005F6EEF /* ViewController.m */,
				9B6DE76722532CE7005F6EEF /* Main.storyboard */,
				9B6DE76A22532CE9005F6EEF /* Assets.xcassets */,
				9B6DE76C22532CE9005F6EEF /* LaunchScreen.storyboard */,
				9B6DE76F22532CE9005F6EEF /* Info.plist */,
				9B6DE77022532CE9005F6EEF /* main.m */,
				9BAAAC1C226231F200ED207D /* TestTableViewCell.h */,
				9BAAAC1D226231F200ED207D /* TestTableViewCell.m */,
				9BAAAC1E226231F200ED207D /* TestTableViewCell.xib */,
			);
			path = BTDialogExample;
			sourceTree = "<group>";
		};
		9B6DE78922532E4D005F6EEF /* BTDialog */ = {
			isa = PBXGroup;
			children = (
				9B72396522D8224D00042FC0 /* UIView+BTEasyDialog.h */,
				9B72396622D8224D00042FC0 /* UIView+BTEasyDialog.m */,
				9B6DE78B22532E4D005F6EEF /* BTDialogView.h */,
				9B6DE78F22532E4D005F6EEF /* BTDialogView.m */,
				9B6DE79922532F5B005F6EEF /* BTDialogTableView.h */,
				9B6DE79A22532F5B005F6EEF /* BTDialogTableView.m */,
				9B6DE79222532E4D005F6EEF /* BTDialogTableViewCell.h */,
				9B6DE78D22532E4D005F6EEF /* BTDialogTableViewCell.m */,
			);
			name = BTDialog;
			path = ../../BTDialog;
			sourceTree = "<group>";
		};
		9BAAAC292264651400ED207D /* BTDialogBundle */ = {
			isa = PBXGroup;
			children = (
				9BAAAC2A2264651400ED207D /* Info.plist */,
			);
			path = BTDialogBundle;
			sourceTree = "<group>";
		};
		DD9E8D285FD25069C20B79A3 /* Frameworks */ = {
			isa = PBXGroup;
			children = (
				EDDB5FFB60B65DD8598ABEF4 /* Pods_BTDialogExample.framework */,
			);
			name = Frameworks;
			sourceTree = "<group>";
		};
		F719E363D845F000EDCF62C5 /* Pods */ = {
			isa = PBXGroup;
			children = (
				76B3FE417069DFBFD1452B3F /* Pods-BTDialogExample.debug.xcconfig */,
				D8EF3D56B4EF71BEF952ED8F /* Pods-BTDialogExample.release.xcconfig */,
			);
			path = Pods;
			sourceTree = "<group>";
		};
/* End PBXGroup section */

/* Begin PBXNativeTarget section */
		9B6DE75D22532CE7005F6EEF /* BTDialogExample */ = {
			isa = PBXNativeTarget;
			buildConfigurationList = 9B6DE77422532CE9005F6EEF /* Build configuration list for PBXNativeTarget "BTDialogExample" */;
			buildPhases = (
				ABCE5F317CBA39919AA39F0F /* [CP] Check Pods Manifest.lock */,
				9B6DE75A22532CE7005F6EEF /* Sources */,
				9B6DE75B22532CE7005F6EEF /* Frameworks */,
				9B6DE75C22532CE7005F6EEF /* Resources */,
				E7ACCEB5A37F0AEDECFD303D /* [CP] Embed Pods Frameworks */,
			);
			buildRules = (
			);
			dependencies = (
			);
			name = BTDialogExample;
			productName = BTDialogExample;
			productReference = 9B6DE75E22532CE7005F6EEF /* BTDialogExample.app */;
			productType = "com.apple.product-type.application";
		};
		9BAAAC272264651400ED207D /* BTDialogBundle */ = {
			isa = PBXNativeTarget;
			buildConfigurationList = 9BAAAC2B2264651400ED207D /* Build configuration list for PBXNativeTarget "BTDialogBundle" */;
			buildPhases = (
				9BAAAC242264651400ED207D /* Sources */,
				9BAAAC252264651400ED207D /* Frameworks */,
				9BAAAC262264651400ED207D /* Resources */,
			);
			buildRules = (
			);
			dependencies = (
			);
			name = BTDialogBundle;
			productName = BTDialogBundle;
			productReference = 9BAAAC282264651400ED207D /* BTDialogBundle.bundle */;
			productType = "com.apple.product-type.bundle";
		};
/* End PBXNativeTarget section */

/* Begin PBXProject section */
		9B6DE75622532CE7005F6EEF /* Project object */ = {
			isa = PBXProject;
			attributes = {
				LastUpgradeCheck = 1020;
				ORGANIZATIONNAME = stonemover;
				TargetAttributes = {
					9B6DE75D22532CE7005F6EEF = {
						CreatedOnToolsVersion = 10.2;
					};
					9BAAAC272264651400ED207D = {
						CreatedOnToolsVersion = 10.2;
					};
				};
			};
			buildConfigurationList = 9B6DE75922532CE7005F6EEF /* Build configuration list for PBXProject "BTDialogExample" */;
			compatibilityVersion = "Xcode 9.3";
			developmentRegion = en;
			hasScannedForEncodings = 0;
			knownRegions = (
				en,
				Base,
			);
			mainGroup = 9B6DE75522532CE7005F6EEF;
			productRefGroup = 9B6DE75F22532CE7005F6EEF /* Products */;
			projectDirPath = "";
			projectRoot = "";
			targets = (
				9B6DE75D22532CE7005F6EEF /* BTDialogExample */,
				9BAAAC272264651400ED207D /* BTDialogBundle */,
			);
		};
/* End PBXProject section */

/* Begin PBXResourcesBuildPhase section */
		9B6DE75C22532CE7005F6EEF /* Resources */ = {
			isa = PBXResourcesBuildPhase;
			buildActionMask = 2147483647;
			files = (
				9B6DE76E22532CE9005F6EEF /* LaunchScreen.storyboard in Resources */,
				9B6DE76B22532CE9005F6EEF /* Assets.xcassets in Resources */,
				9BAAAC20226231F200ED207D /* TestTableViewCell.xib in Resources */,
				9B6DE76922532CE7005F6EEF /* Main.storyboard in Resources */,
				9BAAAC2F2264659C00ED207D /* BTDialogBundle.bundle in Resources */,
			);
			runOnlyForDeploymentPostprocessing = 0;
		};
		9BAAAC262264651400ED207D /* Resources */ = {
			isa = PBXResourcesBuildPhase;
			buildActionMask = 2147483647;
			files = (
			);
			runOnlyForDeploymentPostprocessing = 0;
		};
/* End PBXResourcesBuildPhase section */

/* Begin PBXShellScriptBuildPhase section */
		ABCE5F317CBA39919AA39F0F /* [CP] Check Pods Manifest.lock */ = {
			isa = PBXShellScriptBuildPhase;
			buildActionMask = 2147483647;
			files = (
			);
			inputFileListPaths = (
			);
			inputPaths = (
				"${PODS_PODFILE_DIR_PATH}/Podfile.lock",
				"${PODS_ROOT}/Manifest.lock",
			);
			name = "[CP] Check Pods Manifest.lock";
			outputFileListPaths = (
			);
			outputPaths = (
				"$(DERIVED_FILE_DIR)/Pods-BTDialogExample-checkManifestLockResult.txt",
			);
			runOnlyForDeploymentPostprocessing = 0;
			shellPath = /bin/sh;
			shellScript = "diff \"${PODS_PODFILE_DIR_PATH}/Podfile.lock\" \"${PODS_ROOT}/Manifest.lock\" > /dev/null\nif [ $? != 0 ] ; then\n    # print error to STDERR\n    echo \"error: The sandbox is not in sync with the Podfile.lock. Run 'pod install' or update your CocoaPods installation.\" >&2\n    exit 1\nfi\n# This output is used by Xcode 'outputs' to avoid re-running this script phase.\necho \"SUCCESS\" > \"${SCRIPT_OUTPUT_FILE_0}\"\n";
			showEnvVarsInLog = 0;
		};
		E7ACCEB5A37F0AEDECFD303D /* [CP] Embed Pods Frameworks */ = {
			isa = PBXShellScriptBuildPhase;
			buildActionMask = 2147483647;
			files = (
			);
			inputFileListPaths = (
			);
			inputPaths = (
				"${PODS_ROOT}/Target Support Files/Pods-BTDialogExample/Pods-BTDialogExample-frameworks.sh",
				"${BUILT_PRODUCTS_DIR}/BTHelp/BTHelp.framework",
			);
			name = "[CP] Embed Pods Frameworks";
			outputFileListPaths = (
			);
			outputPaths = (
				"${TARGET_BUILD_DIR}/${FRAMEWORKS_FOLDER_PATH}/BTHelp.framework",
			);
			runOnlyForDeploymentPostprocessing = 0;
			shellPath = /bin/sh;
			shellScript = "\"${PODS_ROOT}/Target Support Files/Pods-BTDialogExample/Pods-BTDialogExample-frameworks.sh\"\n";
			showEnvVarsInLog = 0;
		};
/* End PBXShellScriptBuildPhase section */

/* Begin PBXSourcesBuildPhase section */
		9B6DE75A22532CE7005F6EEF /* Sources */ = {
			isa = PBXSourcesBuildPhase;
			buildActionMask = 2147483647;
			files = (
				9B6DE76622532CE7005F6EEF /* ViewController.m in Sources */,
				9BAAAC1F226231F200ED207D /* TestTableViewCell.m in Sources */,
				9B6DE79422532E4D005F6EEF /* BTDialogTableViewCell.m in Sources */,
				9B6DE79622532E4D005F6EEF /* BTDialogView.m in Sources */,
				9B72396722D8224D00042FC0 /* UIView+BTEasyDialog.m in Sources */,
				9B6DE77122532CE9005F6EEF /* main.m in Sources */,
				9B6DE79B22532F5B005F6EEF /* BTDialogTableView.m in Sources */,
				9B6DE76322532CE7005F6EEF /* AppDelegate.m in Sources */,
			);
			runOnlyForDeploymentPostprocessing = 0;
		};
		9BAAAC242264651400ED207D /* Sources */ = {
			isa = PBXSourcesBuildPhase;
			buildActionMask = 2147483647;
			files = (
			);
			runOnlyForDeploymentPostprocessing = 0;
		};
/* End PBXSourcesBuildPhase section */

/* Begin PBXVariantGroup section */
		9B6DE76722532CE7005F6EEF /* Main.storyboard */ = {
			isa = PBXVariantGroup;
			children = (
				9B6DE76822532CE7005F6EEF /* Base */,
			);
			name = Main.storyboard;
			sourceTree = "<group>";
		};
		9B6DE76C22532CE9005F6EEF /* LaunchScreen.storyboard */ = {
			isa = PBXVariantGroup;
			children = (
				9B6DE76D22532CE9005F6EEF /* Base */,
			);
			name = LaunchScreen.storyboard;
			sourceTree = "<group>";
		};
/* End PBXVariantGroup section */

/* Begin XCBuildConfiguration section */
		9B6DE77222532CE9005F6EEF /* Debug */ = {
			isa = XCBuildConfiguration;
			buildSettings = {
				ALWAYS_SEARCH_USER_PATHS = NO;
				CLANG_ANALYZER_NONNULL = YES;
				CLANG_ANALYZER_NUMBER_OBJECT_CONVERSION = YES_AGGRESSIVE;
				CLANG_CXX_LANGUAGE_STANDARD = "gnu++14";
				CLANG_CXX_LIBRARY = "libc++";
				CLANG_ENABLE_MODULES = YES;
				CLANG_ENABLE_OBJC_ARC = YES;
				CLANG_ENABLE_OBJC_WEAK = YES;
				CLANG_WARN_BLOCK_CAPTURE_AUTORELEASING = YES;
				CLANG_WARN_BOOL_CONVERSION = YES;
				CLANG_WARN_COMMA = YES;
				CLANG_WARN_CONSTANT_CONVERSION = YES;
				CLANG_WARN_DEPRECATED_OBJC_IMPLEMENTATIONS = YES;
				CLANG_WARN_DIRECT_OBJC_ISA_USAGE = YES_ERROR;
				CLANG_WARN_DOCUMENTATION_COMMENTS = YES;
				CLANG_WARN_EMPTY_BODY = YES;
				CLANG_WARN_ENUM_CONVERSION = YES;
				CLANG_WARN_INFINITE_RECURSION = YES;
				CLANG_WARN_INT_CONVERSION = YES;
				CLANG_WARN_NON_LITERAL_NULL_CONVERSION = YES;
				CLANG_WARN_OBJC_IMPLICIT_RETAIN_SELF = YES;
				CLANG_WARN_OBJC_LITERAL_CONVERSION = YES;
				CLANG_WARN_OBJC_ROOT_CLASS = YES_ERROR;
				CLANG_WARN_RANGE_LOOP_ANALYSIS = YES;
				CLANG_WARN_STRICT_PROTOTYPES = YES;
				CLANG_WARN_SUSPICIOUS_MOVE = YES;
				CLANG_WARN_UNGUARDED_AVAILABILITY = YES_AGGRESSIVE;
				CLANG_WARN_UNREACHABLE_CODE = YES;
				CLANG_WARN__DUPLICATE_METHOD_MATCH = YES;
				CODE_SIGN_IDENTITY = "iPhone Developer";
				COPY_PHASE_STRIP = NO;
				DEBUG_INFORMATION_FORMAT = dwarf;
				ENABLE_STRICT_OBJC_MSGSEND = YES;
				ENABLE_TESTABILITY = YES;
				GCC_C_LANGUAGE_STANDARD = gnu11;
				GCC_DYNAMIC_NO_PIC = NO;
				GCC_NO_COMMON_BLOCKS = YES;
				GCC_OPTIMIZATION_LEVEL = 0;
				GCC_PREPROCESSOR_DEFINITIONS = (
					"DEBUG=1",
					"$(inherited)",
				);
				GCC_WARN_64_TO_32_BIT_CONVERSION = YES;
				GCC_WARN_ABOUT_RETURN_TYPE = YES_ERROR;
				GCC_WARN_UNDECLARED_SELECTOR = YES;
				GCC_WARN_UNINITIALIZED_AUTOS = YES_AGGRESSIVE;
				GCC_WARN_UNUSED_FUNCTION = YES;
				GCC_WARN_UNUSED_VARIABLE = YES;
				IPHONEOS_DEPLOYMENT_TARGET = 12.2;
				MTL_ENABLE_DEBUG_INFO = INCLUDE_SOURCE;
				MTL_FAST_MATH = YES;
				ONLY_ACTIVE_ARCH = YES;
				SDKROOT = iphoneos;
			};
			name = Debug;
		};
		9B6DE77322532CE9005F6EEF /* Release */ = {
			isa = XCBuildConfiguration;
			buildSettings = {
				ALWAYS_SEARCH_USER_PATHS = NO;
				CLANG_ANALYZER_NONNULL = YES;
				CLANG_ANALYZER_NUMBER_OBJECT_CONVERSION = YES_AGGRESSIVE;
				CLANG_CXX_LANGUAGE_STANDARD = "gnu++14";
				CLANG_CXX_LIBRARY = "libc++";
				CLANG_ENABLE_MODULES = YES;
				CLANG_ENABLE_OBJC_ARC = YES;
				CLANG_ENABLE_OBJC_WEAK = YES;
				CLANG_WARN_BLOCK_CAPTURE_AUTORELEASING = YES;
				CLANG_WARN_BOOL_CONVERSION = YES;
				CLANG_WARN_COMMA = YES;
				CLANG_WARN_CONSTANT_CONVERSION = YES;
				CLANG_WARN_DEPRECATED_OBJC_IMPLEMENTATIONS = YES;
				CLANG_WARN_DIRECT_OBJC_ISA_USAGE = YES_ERROR;
				CLANG_WARN_DOCUMENTATION_COMMENTS = YES;
				CLANG_WARN_EMPTY_BODY = YES;
				CLANG_WARN_ENUM_CONVERSION = YES;
				CLANG_WARN_INFINITE_RECURSION = YES;
				CLANG_WARN_INT_CONVERSION = YES;
				CLANG_WARN_NON_LITERAL_NULL_CONVERSION = YES;
				CLANG_WARN_OBJC_IMPLICIT_RETAIN_SELF = YES;
				CLANG_WARN_OBJC_LITERAL_CONVERSION = YES;
				CLANG_WARN_OBJC_ROOT_CLASS = YES_ERROR;
				CLANG_WARN_RANGE_LOOP_ANALYSIS = YES;
				CLANG_WARN_STRICT_PROTOTYPES = YES;
				CLANG_WARN_SUSPICIOUS_MOVE = YES;
				CLANG_WARN_UNGUARDED_AVAILABILITY = YES_AGGRESSIVE;
				CLANG_WARN_UNREACHABLE_CODE = YES;
				CLANG_WARN__DUPLICATE_METHOD_MATCH = YES;
				CODE_SIGN_IDENTITY = "iPhone Developer";
				COPY_PHASE_STRIP = NO;
				DEBUG_INFORMATION_FORMAT = "dwarf-with-dsym";
				ENABLE_NS_ASSERTIONS = NO;
				ENABLE_STRICT_OBJC_MSGSEND = YES;
				GCC_C_LANGUAGE_STANDARD = gnu11;
				GCC_NO_COMMON_BLOCKS = YES;
				GCC_WARN_64_TO_32_BIT_CONVERSION = YES;
				GCC_WARN_ABOUT_RETURN_TYPE = YES_ERROR;
				GCC_WARN_UNDECLARED_SELECTOR = YES;
				GCC_WARN_UNINITIALIZED_AUTOS = YES_AGGRESSIVE;
				GCC_WARN_UNUSED_FUNCTION = YES;
				GCC_WARN_UNUSED_VARIABLE = YES;
				IPHONEOS_DEPLOYMENT_TARGET = 12.2;
				MTL_ENABLE_DEBUG_INFO = NO;
				MTL_FAST_MATH = YES;
				SDKROOT = iphoneos;
				VALIDATE_PRODUCT = YES;
			};
			name = Release;
		};
		9B6DE77522532CE9005F6EEF /* Debug */ = {
			isa = XCBuildConfiguration;
			baseConfigurationReference = 76B3FE417069DFBFD1452B3F /* Pods-BTDialogExample.debug.xcconfig */;
			buildSettings = {
				ASSETCATALOG_COMPILER_APPICON_NAME = AppIcon;
				CODE_SIGN_STYLE = Automatic;
				INFOPLIST_FILE = BTDialogExample/Info.plist;
				LD_RUNPATH_SEARCH_PATHS = (
					"$(inherited)",
					"@executable_path/Frameworks",
				);
				PRODUCT_BUNDLE_IDENTIFIER = com.stone.BTDialogExample;
				PRODUCT_NAME = "$(TARGET_NAME)";
				TARGETED_DEVICE_FAMILY = "1,2";
			};
			name = Debug;
		};
		9B6DE77622532CE9005F6EEF /* Release */ = {
			isa = XCBuildConfiguration;
			baseConfigurationReference = D8EF3D56B4EF71BEF952ED8F /* Pods-BTDialogExample.release.xcconfig */;
			buildSettings = {
				ASSETCATALOG_COMPILER_APPICON_NAME = AppIcon;
				CODE_SIGN_STYLE = Automatic;
				INFOPLIST_FILE = BTDialogExample/Info.plist;
				LD_RUNPATH_SEARCH_PATHS = (
					"$(inherited)",
					"@executable_path/Frameworks",
				);
				PRODUCT_BUNDLE_IDENTIFIER = com.stone.BTDialogExample;
				PRODUCT_NAME = "$(TARGET_NAME)";
				TARGETED_DEVICE_FAMILY = "1,2";
			};
			name = Release;
		};
		9BAAAC2C2264651400ED207D /* Debug */ = {
			isa = XCBuildConfiguration;
			buildSettings = {
				CODE_SIGN_IDENTITY = "-";
				CODE_SIGN_STYLE = Automatic;
				COMBINE_HIDPI_IMAGES = YES;
				INFOPLIST_FILE = BTDialogBundle/Info.plist;
				INSTALL_PATH = "$(LOCAL_LIBRARY_DIR)/Bundles";
				MACOSX_DEPLOYMENT_TARGET = 10.14;
				PRODUCT_BUNDLE_IDENTIFIER = com.stone.BTDialogBundle;
				PRODUCT_NAME = "$(TARGET_NAME)";
				SDKROOT = macosx;
				SKIP_INSTALL = YES;
				WRAPPER_EXTENSION = bundle;
			};
			name = Debug;
		};
		9BAAAC2D2264651400ED207D /* Release */ = {
			isa = XCBuildConfiguration;
			buildSettings = {
				CODE_SIGN_IDENTITY = "-";
				CODE_SIGN_STYLE = Automatic;
				COMBINE_HIDPI_IMAGES = YES;
				INFOPLIST_FILE = BTDialogBundle/Info.plist;
				INSTALL_PATH = "$(LOCAL_LIBRARY_DIR)/Bundles";
				MACOSX_DEPLOYMENT_TARGET = 10.14;
				PRODUCT_BUNDLE_IDENTIFIER = com.stone.BTDialogBundle;
				PRODUCT_NAME = "$(TARGET_NAME)";
				SDKROOT = macosx;
				SKIP_INSTALL = YES;
				WRAPPER_EXTENSION = bundle;
			};
			name = Release;
		};
/* End XCBuildConfiguration section */

/* Begin XCConfigurationList section */
		9B6DE75922532CE7005F6EEF /* Build configuration list for PBXProject "BTDialogExample" */ = {
			isa = XCConfigurationList;
			buildConfigurations = (
				9B6DE77222532CE9005F6EEF /* Debug */,
				9B6DE77322532CE9005F6EEF /* Release */,
			);
			defaultConfigurationIsVisible = 0;
			defaultConfigurationName = Release;
		};
		9B6DE77422532CE9005F6EEF /* Build configuration list for PBXNativeTarget "BTDialogExample" */ = {
			isa = XCConfigurationList;
			buildConfigurations = (
				9B6DE77522532CE9005F6EEF /* Debug */,
				9B6DE77622532CE9005F6EEF /* Release */,
			);
			defaultConfigurationIsVisible = 0;
			defaultConfigurationName = Release;
		};
		9BAAAC2B2264651400ED207D /* Build configuration list for PBXNativeTarget "BTDialogBundle" */ = {
			isa = XCConfigurationList;
			buildConfigurations = (
				9BAAAC2C2264651400ED207D /* Debug */,
				9BAAAC2D2264651400ED207D /* Release */,
			);
			defaultConfigurationIsVisible = 0;
			defaultConfigurationName = Release;
		};
/* End XCConfigurationList section */
	};
	rootObject = 9B6DE75622532CE7005F6EEF /* Project object */;
}
